{
  "pins" : [
    {
      "identity" : "cocoalumberjack",
      "kind" : "remoteSourceControl",
      "location" : "https://github.com/CocoaLumberjack/CocoaLumberjack.git",
      "state" : {
        "revision" : "4b8714a7fb84d42393314ce897127b3939885ec3",
        "version" : "3.8.5"
      }
    },
    {
      "identity" : "infobip-mobile-ui-ios",
      "kind" : "remoteSourceControl",
      "location" : "https://github.com/infobip/infobip-mobile-ui-ios.git",
      "state" : {
        "revision" : "d4fd73f813c8971a8c17f652b188fea810177aac",
        "version" : "1.0.5"
      }
    },
    {
      "identity" : "infobip-rtc-ios",
      "kind" : "remoteSourceControl",
      "location" : "https://github.com/infobip/infobip-rtc-ios.git",
      "state" : {
        "revision" : "c5ebcd4d878bb6b3e94d0cbd015af5954a44ec24",
        "version" : "2.6.8"
      }
    },
    {
      "identity" : "swift-log",
      "kind" : "remoteSourceControl",
      "location" : "https://github.com/apple/swift-log.git",
      "state" : {
        "revision" : "32e8d724467f8fe623624570367e3d50c5638e46",
        "version" : "1.5.2"
      }
    }
  ],
  "version" : 2
}
