// !$*UTF8*$!
{
	archiveVersion = 1;
	classes = {
	};
	objectVersion = 60;
	objects = {

/* Begin PBXBuildFile section */
		257DAFA12B7CB23800E4418D /* ChatSwiftUIDemoApp.swift in Sources */ = {isa = PBXBuildFile; fileRef = 257DAFA02B7CB23800E4418D /* ChatSwiftUIDemoApp.swift */; };
		257DAFA32B7CB23800E4418D /* ContentView.swift in Sources */ = {isa = PBXBuildFile; fileRef = 257DAFA22B7CB23800E4418D /* ContentView.swift */; };
		257DAFA52B7CB23A00E4418D /* Assets.xcassets in Resources */ = {isa = PBXBuildFile; fileRef = 257DAFA42B7CB23A00E4418D /* Assets.xcassets */; };
		257DAFA82B7CB23A00E4418D /* Preview Assets.xcassets in Resources */ = {isa = PBXBuildFile; fileRef = 257DAFA72B7CB23A00E4418D /* Preview Assets.xcassets */; };
		257DAFB02B7CB33900E4418D /* InAppChat in Frameworks */ = {isa = PBXBuildFile; productRef = 257DAFAF2B7CB33900E4418D /* InAppChat */; };
		257DAFB22B7CB33900E4418D /* MobileMessaging in Frameworks */ = {isa = PBXBuildFile; productRef = 257DAFB12B7CB33900E4418D /* MobileMessaging */; };
		257DAFB62B7CB33900E4418D /* MobileMessagingInbox in Frameworks */ = {isa = PBXBuildFile; productRef = 257DAFB52B7CB33900E4418D /* MobileMessagingInbox */; };
		257DAFB82B7CB33900E4418D /* MobileMessagingLogging in Frameworks */ = {isa = PBXBuildFile; productRef = 257DAFB72B7CB33900E4418D /* MobileMessagingLogging */; };
		257DAFBB2B7CB47A00E4418D /* InAppChat in Frameworks */ = {isa = PBXBuildFile; productRef = 257DAFBA2B7CB47A00E4418D /* InAppChat */; };
		257DAFBD2B7CB47A00E4418D /* MobileMessaging in Frameworks */ = {isa = PBXBuildFile; productRef = 257DAFBC2B7CB47A00E4418D /* MobileMessaging */; };
		257DAFC12B7CB47A00E4418D /* MobileMessagingInbox in Frameworks */ = {isa = PBXBuildFile; productRef = 257DAFC02B7CB47A00E4418D /* MobileMessagingInbox */; };
		257DAFC32B7CB47A00E4418D /* MobileMessagingLogging in Frameworks */ = {isa = PBXBuildFile; productRef = 257DAFC22B7CB47A00E4418D /* MobileMessagingLogging */; };
		257DAFC52B7CB47A00E4418D /* WebRTCUI in Frameworks */ = {isa = PBXBuildFile; productRef = 257DAFC42B7CB47A00E4418D /* WebRTCUI */; };
/* End PBXBuildFile section */

/* Begin PBXFileReference section */
		257DAF9D2B7CB23800E4418D /* ChatSwiftUIDemo.app */ = {isa = PBXFileReference; explicitFileType = wrapper.application; includeInIndex = 0; path = ChatSwiftUIDemo.app; sourceTree = BUILT_PRODUCTS_DIR; };
		257DAFA02B7CB23800E4418D /* ChatSwiftUIDemoApp.swift */ = {isa = PBXFileReference; lastKnownFileType = sourcecode.swift; path = ChatSwiftUIDemoApp.swift; sourceTree = "<group>"; };
		257DAFA22B7CB23800E4418D /* ContentView.swift */ = {isa = PBXFileReference; lastKnownFileType = sourcecode.swift; path = ContentView.swift; sourceTree = "<group>"; };
		257DAFA42B7CB23A00E4418D /* Assets.xcassets */ = {isa = PBXFileReference; lastKnownFileType = folder.assetcatalog; path = Assets.xcassets; sourceTree = "<group>"; };
		257DAFA72B7CB23A00E4418D /* Preview Assets.xcassets */ = {isa = PBXFileReference; lastKnownFileType = folder.assetcatalog; path = "Preview Assets.xcassets"; sourceTree = "<group>"; };
		257DAFC62B7CB5E700E4418D /* ChatSwiftUIDemo.entitlements */ = {isa = PBXFileReference; lastKnownFileType = text.plist.entitlements; path = ChatSwiftUIDemo.entitlements; sourceTree = "<group>"; };
		257DAFC72B7CB9DA00E4418D /* Info.plist */ = {isa = PBXFileReference; lastKnownFileType = text.plist; path = Info.plist; sourceTree = "<group>"; };
/* End PBXFileReference section */

/* Begin PBXFrameworksBuildPhase section */
		257DAF9A2B7CB23800E4418D /* Frameworks */ = {
			isa = PBXFrameworksBuildPhase;
			buildActionMask = 2147483647;
			files = (
				257DAFC12B7CB47A00E4418D /* MobileMessagingInbox in Frameworks */,
				257DAFC32B7CB47A00E4418D /* MobileMessagingLogging in Frameworks */,
				257DAFBD2B7CB47A00E4418D /* MobileMessaging in Frameworks */,
				257DAFB82B7CB33900E4418D /* MobileMessagingLogging in Frameworks */,
				257DAFB02B7CB33900E4418D /* InAppChat in Frameworks */,
				257DAFC52B7CB47A00E4418D /* WebRTCUI in Frameworks */,
				257DAFBB2B7CB47A00E4418D /* InAppChat in Frameworks */,
				257DAFB62B7CB33900E4418D /* MobileMessagingInbox in Frameworks */,
				257DAFB22B7CB33900E4418D /* MobileMessaging in Frameworks */,
			);
			runOnlyForDeploymentPostprocessing = 0;
		};
/* End PBXFrameworksBuildPhase section */

/* Begin PBXGroup section */
		257DAF942B7CB23800E4418D = {
			isa = PBXGroup;
			children = (
				257DAF9F2B7CB23800E4418D /* ChatSwiftUIDemo */,
				257DAF9E2B7CB23800E4418D /* Products */,
			);
			sourceTree = "<group>";
		};
		257DAF9E2B7CB23800E4418D /* Products */ = {
			isa = PBXGroup;
			children = (
				257DAF9D2B7CB23800E4418D /* ChatSwiftUIDemo.app */,
			);
			name = Products;
			sourceTree = "<group>";
		};
		257DAF9F2B7CB23800E4418D /* ChatSwiftUIDemo */ = {
			isa = PBXGroup;
			children = (
				257DAFC72B7CB9DA00E4418D /* Info.plist */,
				257DAFC62B7CB5E700E4418D /* ChatSwiftUIDemo.entitlements */,
				257DAFA02B7CB23800E4418D /* ChatSwiftUIDemoApp.swift */,
				257DAFA22B7CB23800E4418D /* ContentView.swift */,
				257DAFA42B7CB23A00E4418D /* Assets.xcassets */,
				257DAFA62B7CB23A00E4418D /* Preview Content */,
			);
			path = ChatSwiftUIDemo;
			sourceTree = "<group>";
		};
		257DAFA62B7CB23A00E4418D /* Preview Content */ = {
			isa = PBXGroup;
			children = (
				257DAFA72B7CB23A00E4418D /* Preview Assets.xcassets */,
			);
			path = "Preview Content";
			sourceTree = "<group>";
		};
/* End PBXGroup section */

/* Begin PBXNativeTarget section */
		257DAF9C2B7CB23800E4418D /* ChatSwiftUIDemo */ = {
			isa = PBXNativeTarget;
			buildConfigurationList = 257DAFAB2B7CB23A00E4418D /* Build configuration list for PBXNativeTarget "ChatSwiftUIDemo" */;
			buildPhases = (
				257DAF992B7CB23800E4418D /* Sources */,
				257DAF9A2B7CB23800E4418D /* Frameworks */,
				257DAF9B2B7CB23800E4418D /* Resources */,
			);
			buildRules = (
			);
			dependencies = (
			);
			name = ChatSwiftUIDemo;
			packageProductDependencies = (
				257DAFAF2B7CB33900E4418D /* InAppChat */,
				257DAFB12B7CB33900E4418D /* MobileMessaging */,
				257DAFB52B7CB33900E4418D /* MobileMessagingInbox */,
				257DAFB72B7CB33900E4418D /* MobileMessagingLogging */,
				257DAFBA2B7CB47A00E4418D /* InAppChat */,
				257DAFBC2B7CB47A00E4418D /* MobileMessaging */,
				257DAFC02B7CB47A00E4418D /* MobileMessagingInbox */,
				257DAFC22B7CB47A00E4418D /* MobileMessagingLogging */,
				257DAFC42B7CB47A00E4418D /* WebRTCUI */,
			);
			productName = ChatSwiftUIDemo;
			productReference = 257DAF9D2B7CB23800E4418D /* ChatSwiftUIDemo.app */;
			productType = "com.apple.product-type.application";
		};
/* End PBXNativeTarget section */

/* Begin PBXProject section */
		257DAF952B7CB23800E4418D /* Project object */ = {
			isa = PBXProject;
			attributes = {
				BuildIndependentTargetsInParallel = 1;
				LastSwiftUpdateCheck = 1500;
				LastUpgradeCheck = 1500;
				TargetAttributes = {
					257DAF9C2B7CB23800E4418D = {
						CreatedOnToolsVersion = 15.0.1;
					};
				};
			};
			buildConfigurationList = 257DAF982B7CB23800E4418D /* Build configuration list for PBXProject "ChatSwiftUIDemo" */;
			compatibilityVersion = "Xcode 14.0";
			developmentRegion = en;
			hasScannedForEncodings = 0;
			knownRegions = (
				en,
				Base,
			);
			mainGroup = 257DAF942B7CB23800E4418D;
			packageReferences = (
				257DAFB92B7CB47A00E4418D /* XCLocalSwiftPackageReference ".." */,
			);
			productRefGroup = 257DAF9E2B7CB23800E4418D /* Products */;
			projectDirPath = "";
			projectRoot = "";
			targets = (
				257DAF9C2B7CB23800E4418D /* ChatSwiftUIDemo */,
			);
		};
/* End PBXProject section */

/* Begin PBXResourcesBuildPhase section */
		257DAF9B2B7CB23800E4418D /* Resources */ = {
			isa = PBXResourcesBuildPhase;
			buildActionMask = 2147483647;
			files = (
				257DAFA82B7CB23A00E4418D /* Preview Assets.xcassets in Resources */,
				257DAFA52B7CB23A00E4418D /* Assets.xcassets in Resources */,
			);
			runOnlyForDeploymentPostprocessing = 0;
		};
/* End PBXResourcesBuildPhase section */

/* Begin PBXSourcesBuildPhase section */
		257DAF992B7CB23800E4418D /* Sources */ = {
			isa = PBXSourcesBuildPhase;
			buildActionMask = 2147483647;
			files = (
				257DAFA32B7CB23800E4418D /* ContentView.swift in Sources */,
				257DAFA12B7CB23800E4418D /* ChatSwiftUIDemoApp.swift in Sources */,
			);
			runOnlyForDeploymentPostprocessing = 0;
		};
/* End PBXSourcesBuildPhase section */

/* Begin XCBuildConfiguration section */
		257DAFA92B7CB23A00E4418D /* Debug */ = {
			isa = XCBuildConfiguration;
			buildSettings = {
				ALWAYS_SEARCH_USER_PATHS = NO;
				ASSETCATALOG_COMPILER_GENERATE_SWIFT_ASSET_SYMBOL_EXTENSIONS = YES;
				CLANG_ANALYZER_NONNULL = YES;
				CLANG_ANALYZER_NUMBER_OBJECT_CONVERSION = YES_AGGRESSIVE;
				CLANG_CXX_LANGUAGE_STANDARD = "gnu++20";
				CLANG_ENABLE_MODULES = YES;
				CLANG_ENABLE_OBJC_ARC = YES;
				CLANG_ENABLE_OBJC_WEAK = YES;
				CLANG_WARN_BLOCK_CAPTURE_AUTORELEASING = YES;
				CLANG_WARN_BOOL_CONVERSION = YES;
				CLANG_WARN_COMMA = YES;
				CLANG_WARN_CONSTANT_CONVERSION = YES;
				CLANG_WARN_DEPRECATED_OBJC_IMPLEMENTATIONS = YES;
				CLANG_WARN_DIRECT_OBJC_ISA_USAGE = YES_ERROR;
				CLANG_WARN_DOCUMENTATION_COMMENTS = YES;
				CLANG_WARN_EMPTY_BODY = YES;
				CLANG_WARN_ENUM_CONVERSION = YES;
				CLANG_WARN_INFINITE_RECURSION = YES;
				CLANG_WARN_INT_CONVERSION = YES;
				CLANG_WARN_NON_LITERAL_NULL_CONVERSION = YES;
				CLANG_WARN_OBJC_IMPLICIT_RETAIN_SELF = YES;
				CLANG_WARN_OBJC_LITERAL_CONVERSION = YES;
				CLANG_WARN_OBJC_ROOT_CLASS = YES_ERROR;
				CLANG_WARN_QUOTED_INCLUDE_IN_FRAMEWORK_HEADER = YES;
				CLANG_WARN_RANGE_LOOP_ANALYSIS = YES;
				CLANG_WARN_STRICT_PROTOTYPES = YES;
				CLANG_WARN_SUSPICIOUS_MOVE = YES;
				CLANG_WARN_UNGUARDED_AVAILABILITY = YES_AGGRESSIVE;
				CLANG_WARN_UNREACHABLE_CODE = YES;
				CLANG_WARN__DUPLICATE_METHOD_MATCH = YES;
				COPY_PHASE_STRIP = NO;
				DEBUG_INFORMATION_FORMAT = dwarf;
				ENABLE_STRICT_OBJC_MSGSEND = YES;
				ENABLE_TESTABILITY = YES;
				ENABLE_USER_SCRIPT_SANDBOXING = YES;
				GCC_C_LANGUAGE_STANDARD = gnu17;
				GCC_DYNAMIC_NO_PIC = NO;
				GCC_NO_COMMON_BLOCKS = YES;
				GCC_OPTIMIZATION_LEVEL = 0;
				GCC_PREPROCESSOR_DEFINITIONS = (
					"DEBUG=1",
					"$(inherited)",
				);
				GCC_WARN_64_TO_32_BIT_CONVERSION = YES;
				GCC_WARN_ABOUT_RETURN_TYPE = YES_ERROR;
				GCC_WARN_UNDECLARED_SELECTOR = YES;
				GCC_WARN_UNINITIALIZED_AUTOS = YES_AGGRESSIVE;
				GCC_WARN_UNUSED_FUNCTION = YES;
				GCC_WARN_UNUSED_VARIABLE = YES;
				IPHONEOS_DEPLOYMENT_TARGET = 16.6;
				LOCALIZATION_PREFERS_STRING_CATALOGS = YES;
				MTL_ENABLE_DEBUG_INFO = INCLUDE_SOURCE;
				MTL_FAST_MATH = YES;
				ONLY_ACTIVE_ARCH = YES;
				SDKROOT = iphoneos;
				SWIFT_ACTIVE_COMPILATION_CONDITIONS = "DEBUG $(inherited)";
				SWIFT_OPTIMIZATION_LEVEL = "-Onone";
			};
			name = Debug;
		};
		257DAFAA2B7CB23A00E4418D /* Release */ = {
			isa = XCBuildConfiguration;
			buildSettings = {
				ALWAYS_SEARCH_USER_PATHS = NO;
				ASSETCATALOG_COMPILER_GENERATE_SWIFT_ASSET_SYMBOL_EXTENSIONS = YES;
				CLANG_ANALYZER_NONNULL = YES;
				CLANG_ANALYZER_NUMBER_OBJECT_CONVERSION = YES_AGGRESSIVE;
				CLANG_CXX_LANGUAGE_STANDARD = "gnu++20";
				CLANG_ENABLE_MODULES = YES;
				CLANG_ENABLE_OBJC_ARC = YES;
				CLANG_ENABLE_OBJC_WEAK = YES;
				CLANG_WARN_BLOCK_CAPTURE_AUTORELEASING = YES;
				CLANG_WARN_BOOL_CONVERSION = YES;
				CLANG_WARN_COMMA = YES;
				CLANG_WARN_CONSTANT_CONVERSION = YES;
				CLANG_WARN_DEPRECATED_OBJC_IMPLEMENTATIONS = YES;
				CLANG_WARN_DIRECT_OBJC_ISA_USAGE = YES_ERROR;
				CLANG_WARN_DOCUMENTATION_COMMENTS = YES;
				CLANG_WARN_EMPTY_BODY = YES;
				CLANG_WARN_ENUM_CONVERSION = YES;
				CLANG_WARN_INFINITE_RECURSION = YES;
				CLANG_WARN_INT_CONVERSION = YES;
				CLANG_WARN_NON_LITERAL_NULL_CONVERSION = YES;
				CLANG_WARN_OBJC_IMPLICIT_RETAIN_SELF = YES;
				CLANG_WARN_OBJC_LITERAL_CONVERSION = YES;
				CLANG_WARN_OBJC_ROOT_CLASS = YES_ERROR;
				CLANG_WARN_QUOTED_INCLUDE_IN_FRAMEWORK_HEADER = YES;
				CLANG_WARN_RANGE_LOOP_ANALYSIS = YES;
				CLANG_WARN_STRICT_PROTOTYPES = YES;
				CLANG_WARN_SUSPICIOUS_MOVE = YES;
				CLANG_WARN_UNGUARDED_AVAILABILITY = YES_AGGRESSIVE;
				CLANG_WARN_UNREACHABLE_CODE = YES;
				CLANG_WARN__DUPLICATE_METHOD_MATCH = YES;
				COPY_PHASE_STRIP = NO;
				DEBUG_INFORMATION_FORMAT = "dwarf-with-dsym";
				ENABLE_NS_ASSERTIONS = NO;
				ENABLE_STRICT_OBJC_MSGSEND = YES;
				ENABLE_USER_SCRIPT_SANDBOXING = YES;
				GCC_C_LANGUAGE_STANDARD = gnu17;
				GCC_NO_COMMON_BLOCKS = YES;
				GCC_WARN_64_TO_32_BIT_CONVERSION = YES;
				GCC_WARN_ABOUT_RETURN_TYPE = YES_ERROR;
				GCC_WARN_UNDECLARED_SELECTOR = YES;
				GCC_WARN_UNINITIALIZED_AUTOS = YES_AGGRESSIVE;
				GCC_WARN_UNUSED_FUNCTION = YES;
				GCC_WARN_UNUSED_VARIABLE = YES;
				IPHONEOS_DEPLOYMENT_TARGET = 16.6;
				LOCALIZATION_PREFERS_STRING_CATALOGS = YES;
				MTL_ENABLE_DEBUG_INFO = NO;
				MTL_FAST_MATH = YES;
				SDKROOT = iphoneos;
				SWIFT_COMPILATION_MODE = wholemodule;
				VALIDATE_PRODUCT = YES;
			};
			name = Release;
		};
		257DAFAC2B7CB23A00E4418D /* Debug */ = {
			isa = XCBuildConfiguration;
			buildSettings = {
				ASSETCATALOG_COMPILER_APPICON_NAME = AppIcon;
				ASSETCATALOG_COMPILER_GLOBAL_ACCENT_COLOR_NAME = AccentColor;
				CODE_SIGN_ENTITLEMENTS = ChatSwiftUIDemo/ChatSwiftUIDemo.entitlements;
				CODE_SIGN_STYLE = Automatic;
				CURRENT_PROJECT_VERSION = 1;
				DEVELOPMENT_ASSET_PATHS = "\"ChatSwiftUIDemo/Preview Content\"";
				DEVELOPMENT_TEAM = T6U248P7YM;
				ENABLE_PREVIEWS = YES;
				GENERATE_INFOPLIST_FILE = YES;
				INFOPLIST_FILE = ChatSwiftUIDemo/Info.plist;
				INFOPLIST_KEY_NSCameraUsageDescription = "";
				INFOPLIST_KEY_NSMicrophoneUsageDescription = "";
				INFOPLIST_KEY_NSPhotoLibraryAddUsageDescription = "";
				INFOPLIST_KEY_NSPhotoLibraryUsageDescription = "";
				INFOPLIST_KEY_UIApplicationSceneManifest_Generation = YES;
				INFOPLIST_KEY_UIApplicationSupportsIndirectInputEvents = YES;
				INFOPLIST_KEY_UILaunchScreen_Generation = YES;
				INFOPLIST_KEY_UISupportedInterfaceOrientations_iPad = "UIInterfaceOrientationPortrait UIInterfaceOrientationPortraitUpsideDown UIInterfaceOrientationLandscapeLeft UIInterfaceOrientationLandscapeRight";
				INFOPLIST_KEY_UISupportedInterfaceOrientations_iPhone = "UIInterfaceOrientationPortrait UIInterfaceOrientationLandscapeLeft UIInterfaceOrientationLandscapeRight";
				IPHONEOS_DEPLOYMENT_TARGET = 16.6;
				LD_RUNPATH_SEARCH_PATHS = (
					"$(inherited)",
					"@executable_path/Frameworks",
				);
				MARKETING_VERSION = 1.0;
				PRODUCT_BUNDLE_IDENTIFIER = com.infobip.inappchat.demo;
				PRODUCT_NAME = "$(TARGET_NAME)";
				SWIFT_EMIT_LOC_STRINGS = YES;
				SWIFT_VERSION = 5.0;
				TARGETED_DEVICE_FAMILY = "1,2";
			};
			name = Debug;
		};
		257DAFAD2B7CB23A00E4418D /* Release */ = {
			isa = XCBuildConfiguration;
			buildSettings = {
				ASSETCATALOG_COMPILER_APPICON_NAME = AppIcon;
				ASSETCATALOG_COMPILER_GLOBAL_ACCENT_COLOR_NAME = AccentColor;
				CODE_SIGN_ENTITLEMENTS = ChatSwiftUIDemo/ChatSwiftUIDemo.entitlements;
				CODE_SIGN_STYLE = Automatic;
				CURRENT_PROJECT_VERSION = 1;
				DEVELOPMENT_ASSET_PATHS = "\"ChatSwiftUIDemo/Preview Content\"";
				DEVELOPMENT_TEAM = T6U248P7YM;
				ENABLE_PREVIEWS = YES;
				GENERATE_INFOPLIST_FILE = YES;
				INFOPLIST_FILE = ChatSwiftUIDemo/Info.plist;
				INFOPLIST_KEY_NSCameraUsageDescription = "";
				INFOPLIST_KEY_NSMicrophoneUsageDescription = "";
				INFOPLIST_KEY_NSPhotoLibraryAddUsageDescription = "";
				INFOPLIST_KEY_NSPhotoLibraryUsageDescription = "";
				INFOPLIST_KEY_UIApplicationSceneManifest_Generation = YES;
				INFOPLIST_KEY_UIApplicationSupportsIndirectInputEvents = YES;
				INFOPLIST_KEY_UILaunchScreen_Generation = YES;
				INFOPLIST_KEY_UISupportedInterfaceOrientations_iPad = "UIInterfaceOrientationPortrait UIInterfaceOrientationPortraitUpsideDown UIInterfaceOrientationLandscapeLeft UIInterfaceOrientationLandscapeRight";
				INFOPLIST_KEY_UISupportedInterfaceOrientations_iPhone = "UIInterfaceOrientationPortrait UIInterfaceOrientationLandscapeLeft UIInterfaceOrientationLandscapeRight";
				IPHONEOS_DEPLOYMENT_TARGET = 16.6;
				LD_RUNPATH_SEARCH_PATHS = (
					"$(inherited)",
					"@executable_path/Frameworks",
				);
				MARKETING_VERSION = 1.0;
				PRODUCT_BUNDLE_IDENTIFIER = com.infobip.inappchat.demo;
				PRODUCT_NAME = "$(TARGET_NAME)";
				SWIFT_EMIT_LOC_STRINGS = YES;
				SWIFT_VERSION = 5.0;
				TARGETED_DEVICE_FAMILY = "1,2";
			};
			name = Release;
		};
/* End XCBuildConfiguration section */

/* Begin XCConfigurationList section */
		257DAF982B7CB23800E4418D /* Build configuration list for PBXProject "ChatSwiftUIDemo" */ = {
			isa = XCConfigurationList;
			buildConfigurations = (
				257DAFA92B7CB23A00E4418D /* Debug */,
				257DAFAA2B7CB23A00E4418D /* Release */,
			);
			defaultConfigurationIsVisible = 0;
			defaultConfigurationName = Release;
		};
		257DAFAB2B7CB23A00E4418D /* Build configuration list for PBXNativeTarget "ChatSwiftUIDemo" */ = {
			isa = XCConfigurationList;
			buildConfigurations = (
				257DAFAC2B7CB23A00E4418D /* Debug */,
				257DAFAD2B7CB23A00E4418D /* Release */,
			);
			defaultConfigurationIsVisible = 0;
			defaultConfigurationName = Release;
		};
/* End XCConfigurationList section */

/* Begin XCLocalSwiftPackageReference section */
		257DAFB92B7CB47A00E4418D /* XCLocalSwiftPackageReference ".." */ = {
			isa = XCLocalSwiftPackageReference;
			relativePath = ..;
		};
/* End XCLocalSwiftPackageReference section */

/* Begin XCSwiftPackageProductDependency section */
		257DAFAF2B7CB33900E4418D /* InAppChat */ = {
			isa = XCSwiftPackageProductDependency;
			productName = InAppChat;
		};
		257DAFB12B7CB33900E4418D /* MobileMessaging */ = {
			isa = XCSwiftPackageProductDependency;
			productName = MobileMessaging;
		};
		257DAFB52B7CB33900E4418D /* MobileMessagingInbox */ = {
			isa = XCSwiftPackageProductDependency;
			productName = MobileMessagingInbox;
		};
		257DAFB72B7CB33900E4418D /* MobileMessagingLogging */ = {
			isa = XCSwiftPackageProductDependency;
			productName = MobileMessagingLogging;
		};
		257DAFBA2B7CB47A00E4418D /* InAppChat */ = {
			isa = XCSwiftPackageProductDependency;
			productName = InAppChat;
		};
		257DAFBC2B7CB47A00E4418D /* MobileMessaging */ = {
			isa = XCSwiftPackageProductDependency;
			productName = MobileMessaging;
		};
		257DAFC02B7CB47A00E4418D /* MobileMessagingInbox */ = {
			isa = XCSwiftPackageProductDependency;
			productName = MobileMessagingInbox;
		};
		257DAFC22B7CB47A00E4418D /* MobileMessagingLogging */ = {
			isa = XCSwiftPackageProductDependency;
			productName = MobileMessagingLogging;
		};
		257DAFC42B7CB47A00E4418D /* WebRTCUI */ = {
			isa = XCSwiftPackageProductDependency;
			productName = WebRTCUI;
		};
/* End XCSwiftPackageProductDependency section */
	};
	rootObject = 257DAF952B7CB23800E4418D /* Project object */;
}
