// !$*UTF8*$!
{
	archiveVersion = 1;
	classes = {
	};
	objectVersion = 48;
	objects = {

/* Begin PBXBuildFile section */
		74282C3BB5834C9E2A10E333 /* Pods_MobileChatExample.framework in Frameworks */ = {isa = PBXBuildFile; fileRef = B5BAFE2129000EDC9DA65596 /* Pods_MobileChatExample.framework */; };
		765259EA1FB5A99100058788 /* AppDelegate.swift in Sources */ = {isa = PBXBuildFile; fileRef = 765259E91FB5A99100058788 /* AppDelegate.swift */; };
		765259EF1FB5A99100058788 /* Main.storyboard in Resources */ = {isa = PBXBuildFile; fileRef = 765259ED1FB5A99100058788 /* Main.storyboard */; };
		765259F11FB5A99100058788 /* Assets.xcassets in Resources */ = {isa = PBXBuildFile; fileRef = 765259F01FB5A99100058788 /* Assets.xcassets */; };
		765259F41FB5A99100058788 /* LaunchScreen.storyboard in Resources */ = {isa = PBXBuildFile; fileRef = 765259F21FB5A99100058788 /* LaunchScreen.storyboard */; };
		A0AAC48824559976000C99E6 /* ViewController.swift in Sources */ = {isa = PBXBuildFile; fileRef = A0AAC48724559976000C99E6 /* ViewController.swift */; };
/* End PBXBuildFile section */

/* Begin PBXFileReference section */
		5AD6D1BE74ACDDD6F33F459F /* Pods-MobileChatExample.debug.xcconfig */ = {isa = PBXFileReference; includeInIndex = 1; lastKnownFileType = text.xcconfig; name = "Pods-MobileChatExample.debug.xcconfig"; path = "Target Support Files/Pods-MobileChatExample/Pods-MobileChatExample.debug.xcconfig"; sourceTree = "<group>"; };
		765259E61FB5A99100058788 /* MobileChatExample.app */ = {isa = PBXFileReference; explicitFileType = wrapper.application; includeInIndex = 0; path = MobileChatExample.app; sourceTree = BUILT_PRODUCTS_DIR; };
		765259E91FB5A99100058788 /* AppDelegate.swift */ = {isa = PBXFileReference; lastKnownFileType = sourcecode.swift; path = AppDelegate.swift; sourceTree = "<group>"; };
		765259EE1FB5A99100058788 /* Base */ = {isa = PBXFileReference; lastKnownFileType = file.storyboard; name = Base; path = Base.lproj/Main.storyboard; sourceTree = "<group>"; };
		765259F01FB5A99100058788 /* Assets.xcassets */ = {isa = PBXFileReference; lastKnownFileType = folder.assetcatalog; path = Assets.xcassets; sourceTree = "<group>"; };
		765259F31FB5A99100058788 /* Base */ = {isa = PBXFileReference; lastKnownFileType = file.storyboard; name = Base; path = Base.lproj/LaunchScreen.storyboard; sourceTree = "<group>"; };
		765259F51FB5A99100058788 /* Info.plist */ = {isa = PBXFileReference; lastKnownFileType = text.plist.xml; path = Info.plist; sourceTree = "<group>"; };
		765259FB1FB5AC3A00058788 /* MobileChatExample.entitlements */ = {isa = PBXFileReference; lastKnownFileType = text.plist.entitlements; path = MobileChatExample.entitlements; sourceTree = "<group>"; };
		A0AAC48724559976000C99E6 /* ViewController.swift */ = {isa = PBXFileReference; lastKnownFileType = sourcecode.swift; path = ViewController.swift; sourceTree = "<group>"; };
		B5BAFE2129000EDC9DA65596 /* Pods_MobileChatExample.framework */ = {isa = PBXFileReference; explicitFileType = wrapper.framework; includeInIndex = 0; path = Pods_MobileChatExample.framework; sourceTree = BUILT_PRODUCTS_DIR; };
		F8C5EB78D74615007AAE9618 /* Pods-MobileChatExample.release.xcconfig */ = {isa = PBXFileReference; includeInIndex = 1; lastKnownFileType = text.xcconfig; name = "Pods-MobileChatExample.release.xcconfig"; path = "Target Support Files/Pods-MobileChatExample/Pods-MobileChatExample.release.xcconfig"; sourceTree = "<group>"; };
/* End PBXFileReference section */

/* Begin PBXFrameworksBuildPhase section */
		765259E31FB5A99100058788 /* Frameworks */ = {
			isa = PBXFrameworksBuildPhase;
			buildActionMask = 2147483647;
			files = (
				74282C3BB5834C9E2A10E333 /* Pods_MobileChatExample.framework in Frameworks */,
			);
			runOnlyForDeploymentPostprocessing = 0;
		};
/* End PBXFrameworksBuildPhase section */

/* Begin PBXGroup section */
		765259DD1FB5A99100058788 = {
			isa = PBXGroup;
			children = (
				765259E81FB5A99100058788 /* MobileChatExample */,
				765259E71FB5A99100058788 /* Products */,
				CE9CD945D758C6FE5BF5D6D2 /* Pods */,
				8AF512DA9B3F081E566F2D1C /* Frameworks */,
			);
			sourceTree = "<group>";
		};
		765259E71FB5A99100058788 /* Products */ = {
			isa = PBXGroup;
			children = (
				765259E61FB5A99100058788 /* MobileChatExample.app */,
			);
			name = Products;
			sourceTree = "<group>";
		};
		765259E81FB5A99100058788 /* MobileChatExample */ = {
			isa = PBXGroup;
			children = (
				765259FB1FB5AC3A00058788 /* MobileChatExample.entitlements */,
				765259E91FB5A99100058788 /* AppDelegate.swift */,
				A0AAC48724559976000C99E6 /* ViewController.swift */,
				765259ED1FB5A99100058788 /* Main.storyboard */,
				765259F01FB5A99100058788 /* Assets.xcassets */,
				765259F21FB5A99100058788 /* LaunchScreen.storyboard */,
				765259F51FB5A99100058788 /* Info.plist */,
			);
			path = MobileChatExample;
			sourceTree = "<group>";
		};
		8AF512DA9B3F081E566F2D1C /* Frameworks */ = {
			isa = PBXGroup;
			children = (
				B5BAFE2129000EDC9DA65596 /* Pods_MobileChatExample.framework */,
			);
			name = Frameworks;
			sourceTree = "<group>";
		};
		CE9CD945D758C6FE5BF5D6D2 /* Pods */ = {
			isa = PBXGroup;
			children = (
				5AD6D1BE74ACDDD6F33F459F /* Pods-MobileChatExample.debug.xcconfig */,
				F8C5EB78D74615007AAE9618 /* Pods-MobileChatExample.release.xcconfig */,
			);
			path = Pods;
			sourceTree = "<group>";
		};
/* End PBXGroup section */

/* Begin PBXNativeTarget section */
		765259E51FB5A99100058788 /* MobileChatExample */ = {
			isa = PBXNativeTarget;
			buildConfigurationList = 765259F81FB5A99100058788 /* Build configuration list for PBXNativeTarget "MobileChatExample" */;
			buildPhases = (
				15C98D5C64B74E6EF074F9C7 /* [CP] Check Pods Manifest.lock */,
				765259E21FB5A99100058788 /* Sources */,
				765259E31FB5A99100058788 /* Frameworks */,
				765259E41FB5A99100058788 /* Resources */,
				F053562A1E5EE5620F02B674 /* [CP] Embed Pods Frameworks */,
			);
			buildRules = (
			);
			dependencies = (
			);
			name = MobileChatExample;
			productName = MobileChatExample;
			productReference = 765259E61FB5A99100058788 /* MobileChatExample.app */;
			productType = "com.apple.product-type.application";
		};
/* End PBXNativeTarget section */

/* Begin PBXProject section */
		765259DE1FB5A99100058788 /* Project object */ = {
			isa = PBXProject;
			attributes = {
				LastSwiftUpdateCheck = 0910;
				LastUpgradeCheck = 0930;
				ORGANIZATIONNAME = "Infobip d.o.o.";
				TargetAttributes = {
					765259E51FB5A99100058788 = {
						CreatedOnToolsVersion = 9.1;
						ProvisioningStyle = Automatic;
						SystemCapabilities = {
							com.apple.BackgroundModes = {
								enabled = 1;
							};
							com.apple.Push = {
								enabled = 1;
							};
						};
					};
				};
			};
			buildConfigurationList = 765259E11FB5A99100058788 /* Build configuration list for PBXProject "MobileChatExample" */;
			compatibilityVersion = "Xcode 8.0";
			developmentRegion = en;
			hasScannedForEncodings = 0;
			knownRegions = (
				en,
				Base,
			);
			mainGroup = 765259DD1FB5A99100058788;
			productRefGroup = 765259E71FB5A99100058788 /* Products */;
			projectDirPath = "";
			projectRoot = "";
			targets = (
				765259E51FB5A99100058788 /* MobileChatExample */,
			);
		};
/* End PBXProject section */

/* Begin PBXResourcesBuildPhase section */
		765259E41FB5A99100058788 /* Resources */ = {
			isa = PBXResourcesBuildPhase;
			buildActionMask = 2147483647;
			files = (
				765259F41FB5A99100058788 /* LaunchScreen.storyboard in Resources */,
				765259F11FB5A99100058788 /* Assets.xcassets in Resources */,
				765259EF1FB5A99100058788 /* Main.storyboard in Resources */,
			);
			runOnlyForDeploymentPostprocessing = 0;
		};
/* End PBXResourcesBuildPhase section */

/* Begin PBXShellScriptBuildPhase section */
		15C98D5C64B74E6EF074F9C7 /* [CP] Check Pods Manifest.lock */ = {
			isa = PBXShellScriptBuildPhase;
			buildActionMask = 2147483647;
			files = (
			);
			inputFileListPaths = (
			);
			inputPaths = (
				"${PODS_PODFILE_DIR_PATH}/Podfile.lock",
				"${PODS_ROOT}/Manifest.lock",
			);
			name = "[CP] Check Pods Manifest.lock";
			outputFileListPaths = (
			);
			outputPaths = (
				"$(DERIVED_FILE_DIR)/Pods-MobileChatExample-checkManifestLockResult.txt",
			);
			runOnlyForDeploymentPostprocessing = 0;
			shellPath = /bin/sh;
			shellScript = "diff \"${PODS_PODFILE_DIR_PATH}/Podfile.lock\" \"${PODS_ROOT}/Manifest.lock\" > /dev/null\nif [ $? != 0 ] ; then\n    # print error to STDERR\n    echo \"error: The sandbox is not in sync with the Podfile.lock. Run 'pod install' or update your CocoaPods installation.\" >&2\n    exit 1\nfi\n# This output is used by Xcode 'outputs' to avoid re-running this script phase.\necho \"SUCCESS\" > \"${SCRIPT_OUTPUT_FILE_0}\"\n";
			showEnvVarsInLog = 0;
		};
		F053562A1E5EE5620F02B674 /* [CP] Embed Pods Frameworks */ = {
			isa = PBXShellScriptBuildPhase;
			buildActionMask = 2147483647;
			files = (
			);
			inputPaths = (
				"${PODS_ROOT}/Target Support Files/Pods-MobileChatExample/Pods-MobileChatExample-frameworks.sh",
				"${BUILT_PRODUCTS_DIR}/CocoaLumberjack/CocoaLumberjack.framework",
				"${BUILT_PRODUCTS_DIR}/MobileMessaging/MobileMessaging.framework",
			);
			name = "[CP] Embed Pods Frameworks";
			outputPaths = (
				"${TARGET_BUILD_DIR}/${FRAMEWORKS_FOLDER_PATH}/CocoaLumberjack.framework",
				"${TARGET_BUILD_DIR}/${FRAMEWORKS_FOLDER_PATH}/MobileMessaging.framework",
			);
			runOnlyForDeploymentPostprocessing = 0;
			shellPath = /bin/sh;
			shellScript = "\"${PODS_ROOT}/Target Support Files/Pods-MobileChatExample/Pods-MobileChatExample-frameworks.sh\"\n";
			showEnvVarsInLog = 0;
		};
/* End PBXShellScriptBuildPhase section */

/* Begin PBXSourcesBuildPhase section */
		765259E21FB5A99100058788 /* Sources */ = {
			isa = PBXSourcesBuildPhase;
			buildActionMask = 2147483647;
			files = (
				A0AAC48824559976000C99E6 /* ViewController.swift in Sources */,
				765259EA1FB5A99100058788 /* AppDelegate.swift in Sources */,
			);
			runOnlyForDeploymentPostprocessing = 0;
		};
/* End PBXSourcesBuildPhase section */

/* Begin PBXVariantGroup section */
		765259ED1FB5A99100058788 /* Main.storyboard */ = {
			isa = PBXVariantGroup;
			children = (
				765259EE1FB5A99100058788 /* Base */,
			);
			name = Main.storyboard;
			sourceTree = "<group>";
		};
		765259F21FB5A99100058788 /* LaunchScreen.storyboard */ = {
			isa = PBXVariantGroup;
			children = (
				765259F31FB5A99100058788 /* Base */,
			);
			name = LaunchScreen.storyboard;
			sourceTree = "<group>";
		};
/* End PBXVariantGroup section */

/* Begin XCBuildConfiguration section */
		765259F61FB5A99100058788 /* Debug */ = {
			isa = XCBuildConfiguration;
			buildSettings = {
				ALWAYS_SEARCH_USER_PATHS = NO;
				CLANG_ANALYZER_NONNULL = YES;
				CLANG_ANALYZER_NUMBER_OBJECT_CONVERSION = YES_AGGRESSIVE;
				CLANG_CXX_LANGUAGE_STANDARD = "gnu++14";
				CLANG_CXX_LIBRARY = "libc++";
				CLANG_ENABLE_MODULES = YES;
				CLANG_ENABLE_OBJC_ARC = YES;
				CLANG_WARN_BLOCK_CAPTURE_AUTORELEASING = YES;
				CLANG_WARN_BOOL_CONVERSION = YES;
				CLANG_WARN_COMMA = YES;
				CLANG_WARN_CONSTANT_CONVERSION = YES;
				CLANG_WARN_DEPRECATED_OBJC_IMPLEMENTATIONS = YES;
				CLANG_WARN_DIRECT_OBJC_ISA_USAGE = YES_ERROR;
				CLANG_WARN_DOCUMENTATION_COMMENTS = YES;
				CLANG_WARN_EMPTY_BODY = YES;
				CLANG_WARN_ENUM_CONVERSION = YES;
				CLANG_WARN_INFINITE_RECURSION = YES;
				CLANG_WARN_INT_CONVERSION = YES;
				CLANG_WARN_NON_LITERAL_NULL_CONVERSION = YES;
				CLANG_WARN_OBJC_IMPLICIT_RETAIN_SELF = YES;
				CLANG_WARN_OBJC_LITERAL_CONVERSION = YES;
				CLANG_WARN_OBJC_ROOT_CLASS = YES_ERROR;
				CLANG_WARN_RANGE_LOOP_ANALYSIS = YES;
				CLANG_WARN_STRICT_PROTOTYPES = YES;
				CLANG_WARN_SUSPICIOUS_MOVE = YES;
				CLANG_WARN_UNGUARDED_AVAILABILITY = YES_AGGRESSIVE;
				CLANG_WARN_UNREACHABLE_CODE = YES;
				CLANG_WARN__DUPLICATE_METHOD_MATCH = YES;
				CODE_SIGN_IDENTITY = "iPhone Developer";
				COPY_PHASE_STRIP = NO;
				DEBUG_INFORMATION_FORMAT = dwarf;
				ENABLE_STRICT_OBJC_MSGSEND = YES;
				ENABLE_TESTABILITY = YES;
				GCC_C_LANGUAGE_STANDARD = gnu11;
				GCC_DYNAMIC_NO_PIC = NO;
				GCC_NO_COMMON_BLOCKS = YES;
				GCC_OPTIMIZATION_LEVEL = 0;
				GCC_PREPROCESSOR_DEFINITIONS = (
					"DEBUG=1",
					"$(inherited)",
				);
				GCC_WARN_64_TO_32_BIT_CONVERSION = YES;
				GCC_WARN_ABOUT_RETURN_TYPE = YES_ERROR;
				GCC_WARN_UNDECLARED_SELECTOR = YES;
				GCC_WARN_UNINITIALIZED_AUTOS = YES_AGGRESSIVE;
				GCC_WARN_UNUSED_FUNCTION = YES;
				GCC_WARN_UNUSED_VARIABLE = YES;
				IPHONEOS_DEPLOYMENT_TARGET = 10.0;
				MTL_ENABLE_DEBUG_INFO = YES;
				ONLY_ACTIVE_ARCH = YES;
				SDKROOT = iphoneos;
				SWIFT_ACTIVE_COMPILATION_CONDITIONS = DEBUG;
				SWIFT_OPTIMIZATION_LEVEL = "-Onone";
				SWIFT_VERSION = 4.0;
			};
			name = Debug;
		};
		765259F71FB5A99100058788 /* Release */ = {
			isa = XCBuildConfiguration;
			buildSettings = {
				ALWAYS_SEARCH_USER_PATHS = NO;
				CLANG_ANALYZER_NONNULL = YES;
				CLANG_ANALYZER_NUMBER_OBJECT_CONVERSION = YES_AGGRESSIVE;
				CLANG_CXX_LANGUAGE_STANDARD = "gnu++14";
				CLANG_CXX_LIBRARY = "libc++";
				CLANG_ENABLE_MODULES = YES;
				CLANG_ENABLE_OBJC_ARC = YES;
				CLANG_WARN_BLOCK_CAPTURE_AUTORELEASING = YES;
				CLANG_WARN_BOOL_CONVERSION = YES;
				CLANG_WARN_COMMA = YES;
				CLANG_WARN_CONSTANT_CONVERSION = YES;
				CLANG_WARN_DEPRECATED_OBJC_IMPLEMENTATIONS = YES;
				CLANG_WARN_DIRECT_OBJC_ISA_USAGE = YES_ERROR;
				CLANG_WARN_DOCUMENTATION_COMMENTS = YES;
				CLANG_WARN_EMPTY_BODY = YES;
				CLANG_WARN_ENUM_CONVERSION = YES;
				CLANG_WARN_INFINITE_RECURSION = YES;
				CLANG_WARN_INT_CONVERSION = YES;
				CLANG_WARN_NON_LITERAL_NULL_CONVERSION = YES;
				CLANG_WARN_OBJC_IMPLICIT_RETAIN_SELF = YES;
				CLANG_WARN_OBJC_LITERAL_CONVERSION = YES;
				CLANG_WARN_OBJC_ROOT_CLASS = YES_ERROR;
				CLANG_WARN_RANGE_LOOP_ANALYSIS = YES;
				CLANG_WARN_STRICT_PROTOTYPES = YES;
				CLANG_WARN_SUSPICIOUS_MOVE = YES;
				CLANG_WARN_UNGUARDED_AVAILABILITY = YES_AGGRESSIVE;
				CLANG_WARN_UNREACHABLE_CODE = YES;
				CLANG_WARN__DUPLICATE_METHOD_MATCH = YES;
				CODE_SIGN_IDENTITY = "iPhone Developer";
				COPY_PHASE_STRIP = NO;
				DEBUG_INFORMATION_FORMAT = "dwarf-with-dsym";
				ENABLE_NS_ASSERTIONS = NO;
				ENABLE_STRICT_OBJC_MSGSEND = YES;
				GCC_C_LANGUAGE_STANDARD = gnu11;
				GCC_NO_COMMON_BLOCKS = YES;
				GCC_WARN_64_TO_32_BIT_CONVERSION = YES;
				GCC_WARN_ABOUT_RETURN_TYPE = YES_ERROR;
				GCC_WARN_UNDECLARED_SELECTOR = YES;
				GCC_WARN_UNINITIALIZED_AUTOS = YES_AGGRESSIVE;
				GCC_WARN_UNUSED_FUNCTION = YES;
				GCC_WARN_UNUSED_VARIABLE = YES;
				IPHONEOS_DEPLOYMENT_TARGET = 10.0;
				MTL_ENABLE_DEBUG_INFO = NO;
				SDKROOT = iphoneos;
				SWIFT_OPTIMIZATION_LEVEL = "-Owholemodule";
				SWIFT_VERSION = 4.0;
				VALIDATE_PRODUCT = YES;
			};
			name = Release;
		};
		765259F91FB5A99100058788 /* Debug */ = {
			isa = XCBuildConfiguration;
			baseConfigurationReference = 5AD6D1BE74ACDDD6F33F459F /* Pods-MobileChatExample.debug.xcconfig */;
			buildSettings = {
				ASSETCATALOG_COMPILER_APPICON_NAME = AppIcon;
				CODE_SIGN_ENTITLEMENTS = MobileChatExample/MobileChatExample.entitlements;
				CODE_SIGN_IDENTITY = "Apple Development";
				CODE_SIGN_STYLE = Automatic;
				DEVELOPMENT_TEAM = T6U248P7YM;
				INFOPLIST_FILE = MobileChatExample/Info.plist;
				LD_RUNPATH_SEARCH_PATHS = "$(inherited) @executable_path/Frameworks";
				PRODUCT_BUNDLE_IDENTIFIER = com.infobip.MobileChatExample;
				PRODUCT_NAME = "$(TARGET_NAME)";
				PROVISIONING_PROFILE_SPECIFIER = "";
				SWIFT_VERSION = 4.2;
				TARGETED_DEVICE_FAMILY = "1,2";
			};
			name = Debug;
		};
		765259FA1FB5A99100058788 /* Release */ = {
			isa = XCBuildConfiguration;
			baseConfigurationReference = F8C5EB78D74615007AAE9618 /* Pods-MobileChatExample.release.xcconfig */;
			buildSettings = {
				ASSETCATALOG_COMPILER_APPICON_NAME = AppIcon;
				CODE_SIGN_ENTITLEMENTS = MobileChatExample/MobileChatExample.entitlements;
				CODE_SIGN_IDENTITY = "Apple Development";
				CODE_SIGN_STYLE = Automatic;
				DEVELOPMENT_TEAM = T6U248P7YM;
				INFOPLIST_FILE = MobileChatExample/Info.plist;
				LD_RUNPATH_SEARCH_PATHS = "$(inherited) @executable_path/Frameworks";
				PRODUCT_BUNDLE_IDENTIFIER = com.infobip.MobileChatExample;
				PRODUCT_NAME = "$(TARGET_NAME)";
				PROVISIONING_PROFILE_SPECIFIER = "";
				SWIFT_VERSION = 4.2;
				TARGETED_DEVICE_FAMILY = "1,2";
			};
			name = Release;
		};
/* End XCBuildConfiguration section */

/* Begin XCConfigurationList section */
		765259E11FB5A99100058788 /* Build configuration list for PBXProject "MobileChatExample" */ = {
			isa = XCConfigurationList;
			buildConfigurations = (
				765259F61FB5A99100058788 /* Debug */,
				765259F71FB5A99100058788 /* Release */,
			);
			defaultConfigurationIsVisible = 0;
			defaultConfigurationName = Release;
		};
		765259F81FB5A99100058788 /* Build configuration list for PBXNativeTarget "MobileChatExample" */ = {
			isa = XCConfigurationList;
			buildConfigurations = (
				765259F91FB5A99100058788 /* Debug */,
				765259FA1FB5A99100058788 /* Release */,
			);
			defaultConfigurationIsVisible = 0;
			defaultConfigurationName = Release;
		};
/* End XCConfigurationList section */
	};
	rootObject = 765259DE1FB5A99100058788 /* Project object */;
}
