<?xml version="1.0" encoding="UTF-8"?>
<!DOCTYPE plist PUBLIC "-//Apple//DTD PLIST 1.0//EN" "http://www.apple.com/DTDs/PropertyList-1.0.dtd">
<plist version="1.0">
<dict>
	<key>archiveVersion</key>
	<string>1</string>
	<key>classes</key>
	<dict/>
	<key>objectVersion</key>
	<string>46</string>
	<key>objects</key>
	<dict>
		<key>0565BB9679D8FC5598A87536</key>
		<dict>
			<key>children</key>
			<array>
				<string>6527DBE41CAD144F00526BE7</string>
				<string>6527DBE51CAD144F00526BE7</string>
				<string>508B62E31CAAA1BB009A265F</string>
				<string>10BF8781D346C3349FC7F31A</string>
				<string>95801CD79F1D6C14055AC54B</string>
			</array>
			<key>isa</key>
			<string>PBXGroup</string>
			<key>name</key>
			<string>Frameworks</string>
			<key>sourceTree</key>
			<string>&lt;group&gt;</string>
		</dict>
		<key>08F368215CB9025C13BC8245</key>
		<dict>
			<key>buildActionMask</key>
			<string>2147483647</string>
			<key>files</key>
			<array/>
			<key>inputPaths</key>
			<array/>
			<key>isa</key>
			<string>PBXShellScriptBuildPhase</string>
			<key>name</key>
			<string>Embed Pods Frameworks</string>
			<key>outputPaths</key>
			<array/>
			<key>runOnlyForDeploymentPostprocessing</key>
			<string>0</string>
			<key>shellPath</key>
			<string>/bin/sh</string>
			<key>shellScript</key>
			<string>"${SRCROOT}/Pods/Target Support Files/Pods-MobileMessagingExample/Pods-MobileMessagingExample-frameworks.sh"
</string>
			<key>showEnvVarsInLog</key>
			<string>0</string>
		</dict>
		<key>10BF8781D346C3349FC7F31A</key>
		<dict>
			<key>explicitFileType</key>
			<string>wrapper.framework</string>
			<key>includeInIndex</key>
			<string>0</string>
			<key>isa</key>
			<string>PBXFileReference</string>
			<key>path</key>
			<string>Pods_MobileMessagingExample.framework</string>
			<key>sourceTree</key>
			<string>BUILT_PRODUCTS_DIR</string>
		</dict>
		<key>130981C2138CC6215DDF2AAF</key>
		<dict>
			<key>fileRef</key>
			<string>10BF8781D346C3349FC7F31A</string>
			<key>isa</key>
			<string>PBXBuildFile</string>
		</dict>
		<key>2BA1E4AB06B0CF6818EF241D</key>
		<dict>
			<key>buildActionMask</key>
			<string>2147483647</string>
			<key>files</key>
			<array/>
			<key>inputPaths</key>
			<array/>
			<key>isa</key>
			<string>PBXShellScriptBuildPhase</string>
			<key>name</key>
			<string>[CP] Embed Pods Frameworks</string>
			<key>outputPaths</key>
			<array/>
			<key>runOnlyForDeploymentPostprocessing</key>
			<string>0</string>
			<key>shellPath</key>
			<string>/bin/sh</string>
			<key>shellScript</key>
			<string>"${SRCROOT}/Pods/Target Support Files/Pods-MobileMessagingExample/Pods-MobileMessagingExample-frameworks.sh"
</string>
			<key>showEnvVarsInLog</key>
			<string>0</string>
		</dict>
		<key>4E455C53A49CA0F3C721D851</key>
		<dict>
			<key>children</key>
			<array>
				<string>92EDD51DD139EB66B0220FB6</string>
				<string>6D2FC6DA7CFFCAEFA9E9A2AB</string>
				<string>E12BA09A52F82DC21AABDCF1</string>
				<string>EF0D3E03184EAF5AB97A1D2A</string>
			</array>
			<key>isa</key>
			<string>PBXGroup</string>
			<key>name</key>
			<string>Pods</string>
			<key>sourceTree</key>
			<string>&lt;group&gt;</string>
		</dict>
		<key>4F0D465B65A05D292C62BE2D</key>
		<dict>
			<key>fileRef</key>
			<string>95801CD79F1D6C14055AC54B</string>
			<key>isa</key>
			<string>PBXBuildFile</string>
		</dict>
		<key>5000030C1CCB7B2F00C91479</key>
		<dict>
			<key>isa</key>
			<string>PBXBuildFile</string>
		</dict>
		<key>5000030D1CCB7B2F00C91479</key>
		<dict>
			<key>isa</key>
			<string>PBXBuildFile</string>
		</dict>
		<key>500003101CCB7B3C00C91479</key>
		<dict>
			<key>isa</key>
			<string>PBXBuildFile</string>
		</dict>
		<key>500003111CCB7B3C00C91479</key>
		<dict>
			<key>isa</key>
			<string>PBXBuildFile</string>
		</dict>
		<key>502129421CEEF450007CEF8E</key>
		<dict>
			<key>fileEncoding</key>
			<string>4</string>
			<key>isa</key>
			<string>PBXFileReference</string>
			<key>lastKnownFileType</key>
			<string>sourcecode.swift</string>
			<key>path</key>
			<string>MessagesManager.swift</string>
			<key>sourceTree</key>
			<string>&lt;group&gt;</string>
		</dict>
		<key>502129431CEEF450007CEF8E</key>
		<dict>
			<key>fileRef</key>
			<string>502129421CEEF450007CEF8E</string>
			<key>isa</key>
			<string>PBXBuildFile</string>
		</dict>
		<key>5073E4121D8AC93A00A175C4</key>
		<dict>
			<key>fileEncoding</key>
			<string>4</string>
			<key>isa</key>
			<string>PBXFileReference</string>
			<key>lastKnownFileType</key>
			<string>sourcecode.swift</string>
			<key>path</key>
			<string>MessageStorageTests.swift</string>
			<key>sourceTree</key>
			<string>&lt;group&gt;</string>
		</dict>
		<key>5073E4131D8AC93A00A175C4</key>
		<dict>
			<key>fileRef</key>
			<string>5073E4121D8AC93A00A175C4</string>
			<key>isa</key>
			<string>PBXBuildFile</string>
		</dict>
		<key>5073E4141D8AC93A00A175C4</key>
		<dict>
			<key>fileRef</key>
			<string>5073E4121D8AC93A00A175C4</string>
			<key>isa</key>
			<string>PBXBuildFile</string>
		</dict>
		<key>5077629C1CC2893B00499542</key>
		<dict>
			<key>fileEncoding</key>
			<string>4</string>
			<key>isa</key>
			<string>PBXFileReference</string>
			<key>lastKnownFileType</key>
			<string>sourcecode.swift</string>
			<key>path</key>
			<string>MMTestCase.swift</string>
			<key>sourceTree</key>
			<string>&lt;group&gt;</string>
		</dict>
		<key>5079E8EB1D37C61700C09BE9</key>
		<dict>
			<key>fileEncoding</key>
			<string>4</string>
			<key>isa</key>
			<string>PBXFileReference</string>
			<key>lastKnownFileType</key>
			<string>sourcecode.swift</string>
			<key>path</key>
			<string>UserDataTests.swift</string>
			<key>sourceTree</key>
			<string>&lt;group&gt;</string>
		</dict>
		<key>5079E8EC1D37C61700C09BE9</key>
		<dict>
			<key>fileRef</key>
			<string>5079E8EB1D37C61700C09BE9</string>
			<key>isa</key>
			<string>PBXBuildFile</string>
		</dict>
		<key>507D54FC1D81ABAC00A26F37</key>
		<dict>
			<key>fileEncoding</key>
			<string>4</string>
			<key>isa</key>
			<string>PBXFileReference</string>
			<key>lastKnownFileType</key>
			<string>sourcecode.swift</string>
			<key>path</key>
			<string>CoreDataHelpersTests.swift</string>
			<key>sourceTree</key>
			<string>&lt;group&gt;</string>
		</dict>
		<key>507D54FD1D81ABAC00A26F37</key>
		<dict>
			<key>fileRef</key>
			<string>507D54FC1D81ABAC00A26F37</string>
			<key>isa</key>
			<string>PBXBuildFile</string>
		</dict>
		<key>507D54FE1D81ABAD00A26F37</key>
		<dict>
			<key>fileRef</key>
			<string>507D54FC1D81ABAC00A26F37</string>
			<key>isa</key>
			<string>PBXBuildFile</string>
		</dict>
		<key>50829B761D62056B00BAFA46</key>
		<dict>
			<key>fileEncoding</key>
			<string>4</string>
			<key>isa</key>
			<string>PBXFileReference</string>
			<key>lastKnownFileType</key>
			<string>sourcecode.swift</string>
			<key>path</key>
			<string>GeofencingServiceTests.swift</string>
			<key>sourceTree</key>
			<string>&lt;group&gt;</string>
		</dict>
		<key>50829B781D62056B00BAFA46</key>
		<dict>
			<key>fileRef</key>
			<string>50829B761D62056B00BAFA46</string>
			<key>isa</key>
			<string>PBXBuildFile</string>
		</dict>
		<key>5087EDA61CEEF82500B85546</key>
		<dict>
			<key>fileEncoding</key>
			<string>4</string>
			<key>isa</key>
			<string>PBXFileReference</string>
			<key>lastKnownFileType</key>
			<string>sourcecode.swift</string>
			<key>path</key>
			<string>MessageCell.swift</string>
			<key>sourceTree</key>
			<string>&lt;group&gt;</string>
		</dict>
		<key>5087EDA71CEEF82500B85546</key>
		<dict>
			<key>fileRef</key>
			<string>5087EDA61CEEF82500B85546</string>
			<key>isa</key>
			<string>PBXBuildFile</string>
		</dict>
		<key>5087EDA81CEF04CC00B85546</key>
		<dict>
			<key>children</key>
			<array>
				<string>5087EDAC1CEF067100B85546</string>
				<string>5087EDAD1CEF067100B85546</string>
				<string>5087EDAE1CEF067100B85546</string>
				<string>5087EDAF1CEF067100B85546</string>
			</array>
			<key>isa</key>
			<string>PBXGroup</string>
			<key>path</key>
			<string>ViewControllers</string>
			<key>sourceTree</key>
			<string>&lt;group&gt;</string>
		</dict>
		<key>5087EDA91CEF04D500B85546</key>
		<dict>
			<key>children</key>
			<array>
				<string>502129421CEEF450007CEF8E</string>
			</array>
			<key>isa</key>
			<string>PBXGroup</string>
			<key>path</key>
			<string>Models</string>
			<key>sourceTree</key>
			<string>&lt;group&gt;</string>
		</dict>
		<key>5087EDAA1CEF04DB00B85546</key>
		<dict>
			<key>children</key>
			<array>
				<string>A047BFD71CB4EB5C00A6859F</string>
				<string>5087EDA61CEEF82500B85546</string>
			</array>
			<key>isa</key>
			<string>PBXGroup</string>
			<key>path</key>
			<string>Views</string>
			<key>sourceTree</key>
			<string>&lt;group&gt;</string>
		</dict>
		<key>5087EDAB1CEF052700B85546</key>
		<dict>
			<key>children</key>
			<array>
				<string>A08859561CEC5ADE003EE4A3</string>
			</array>
			<key>isa</key>
			<string>PBXGroup</string>
			<key>path</key>
			<string>Utils</string>
			<key>sourceTree</key>
			<string>&lt;group&gt;</string>
		</dict>
		<key>5087EDAC1CEF067100B85546</key>
		<dict>
			<key>fileEncoding</key>
			<string>4</string>
			<key>isa</key>
			<string>PBXFileReference</string>
			<key>lastKnownFileType</key>
			<string>sourcecode.swift</string>
			<key>path</key>
			<string>InfoTableViewController.swift</string>
			<key>sourceTree</key>
			<string>&lt;group&gt;</string>
		</dict>
		<key>5087EDAD1CEF067100B85546</key>
		<dict>
			<key>fileEncoding</key>
			<string>4</string>
			<key>isa</key>
			<string>PBXFileReference</string>
			<key>lastKnownFileType</key>
			<string>sourcecode.swift</string>
			<key>path</key>
			<string>ListViewController.swift</string>
			<key>sourceTree</key>
			<string>&lt;group&gt;</string>
		</dict>
		<key>5087EDAE1CEF067100B85546</key>
		<dict>
			<key>fileEncoding</key>
			<string>4</string>
			<key>isa</key>
			<string>PBXFileReference</string>
			<key>lastKnownFileType</key>
			<string>sourcecode.swift</string>
			<key>path</key>
			<string>MessageDetailsViewController.swift</string>
			<key>sourceTree</key>
			<string>&lt;group&gt;</string>
		</dict>
		<key>5087EDAF1CEF067100B85546</key>
		<dict>
			<key>fileEncoding</key>
			<string>4</string>
			<key>isa</key>
			<string>PBXFileReference</string>
			<key>lastKnownFileType</key>
			<string>sourcecode.swift</string>
			<key>path</key>
			<string>SettingsViewController.swift</string>
			<key>sourceTree</key>
			<string>&lt;group&gt;</string>
		</dict>
		<key>5087EDB01CEF067100B85546</key>
		<dict>
			<key>fileRef</key>
			<string>5087EDAC1CEF067100B85546</string>
			<key>isa</key>
			<string>PBXBuildFile</string>
		</dict>
		<key>5087EDB11CEF067100B85546</key>
		<dict>
			<key>fileRef</key>
			<string>5087EDAD1CEF067100B85546</string>
			<key>isa</key>
			<string>PBXBuildFile</string>
		</dict>
		<key>5087EDB21CEF067100B85546</key>
		<dict>
			<key>fileRef</key>
			<string>5087EDAE1CEF067100B85546</string>
			<key>isa</key>
			<string>PBXBuildFile</string>
		</dict>
		<key>5087EDB31CEF067100B85546</key>
		<dict>
			<key>fileRef</key>
			<string>5087EDAF1CEF067100B85546</string>
			<key>isa</key>
			<string>PBXBuildFile</string>
		</dict>
		<key>508B62E31CAAA1BB009A265F</key>
		<dict>
			<key>isa</key>
			<string>PBXFileReference</string>
			<key>lastKnownFileType</key>
			<string>wrapper.framework</string>
			<key>name</key>
			<string>MobileMessaging.framework</string>
			<key>path</key>
			<string>Pods/../build/Debug-iphoneos/MobileMessaging.framework</string>
			<key>sourceTree</key>
			<string>&lt;group&gt;</string>
		</dict>
		<key>509B06631D7444C900E2C065</key>
		<dict>
			<key>fileEncoding</key>
			<string>4</string>
			<key>isa</key>
			<string>PBXFileReference</string>
			<key>lastKnownFileType</key>
			<string>sourcecode.swift</string>
			<key>path</key>
			<string>SystemDataTests.swift</string>
			<key>sourceTree</key>
			<string>&lt;group&gt;</string>
		</dict>
		<key>509B06641D7444C900E2C065</key>
		<dict>
			<key>fileRef</key>
			<string>509B06631D7444C900E2C065</string>
			<key>isa</key>
			<string>PBXBuildFile</string>
		</dict>
		<key>509B06651D7444CA00E2C065</key>
		<dict>
			<key>fileRef</key>
			<string>509B06631D7444C900E2C065</string>
			<key>isa</key>
			<string>PBXBuildFile</string>
		</dict>
		<key>50AD28B61D09889D009DCCD6</key>
		<dict>
			<key>fileEncoding</key>
			<string>4</string>
			<key>isa</key>
			<string>PBXFileReference</string>
			<key>lastKnownFileType</key>
			<string>sourcecode.swift</string>
			<key>path</key>
			<string>ManagedObjectObserverTests.swift</string>
			<key>sourceTree</key>
			<string>&lt;group&gt;</string>
		</dict>
		<key>50AD28B71D09889D009DCCD6</key>
		<dict>
			<key>fileRef</key>
			<string>50AD28B61D09889D009DCCD6</string>
			<key>isa</key>
			<string>PBXBuildFile</string>
		</dict>
		<key>50AD28B81D09889D009DCCD6</key>
		<dict>
			<key>fileRef</key>
			<string>50AD28B61D09889D009DCCD6</string>
			<key>isa</key>
			<string>PBXBuildFile</string>
		</dict>
		<key>50B8C10D1CAD3362000FB79A</key>
		<dict>
			<key>fileRef</key>
			<string>607FACDC1AFB9204008FA782</string>
			<key>isa</key>
			<string>PBXBuildFile</string>
		</dict>
		<key>50DBBC8A1D50880300485835</key>
		<dict>
			<key>fileRef</key>
			<string>5079E8EB1D37C61700C09BE9</string>
			<key>isa</key>
			<string>PBXBuildFile</string>
		</dict>
		<key>50DBBC8B1D50881200485835</key>
		<dict>
			<key>fileRef</key>
			<string>A0F30B0F1D410A3300247CED</string>
			<key>isa</key>
			<string>PBXBuildFile</string>
		</dict>
		<key>607FACC71AFB9204008FA782</key>
		<dict>
			<key>children</key>
			<array>
				<string>607FACF51AFB993E008FA782</string>
				<string>607FACD21AFB9204008FA782</string>
				<string>607FACE81AFB9204008FA782</string>
				<string>607FACD11AFB9204008FA782</string>
				<string>0565BB9679D8FC5598A87536</string>
				<string>4E455C53A49CA0F3C721D851</string>
			</array>
			<key>isa</key>
			<string>PBXGroup</string>
			<key>sourceTree</key>
			<string>&lt;group&gt;</string>
		</dict>
		<key>607FACC81AFB9204008FA782</key>
		<dict>
			<key>attributes</key>
			<dict>
				<key>LastSwiftUpdateCheck</key>
				<string>0720</string>
				<key>LastUpgradeCheck</key>
				<string>0720</string>
				<key>ORGANIZATIONNAME</key>
				<string>CocoaPods</string>
				<key>TargetAttributes</key>
				<dict>
					<key>607FACCF1AFB9204008FA782</key>
					<dict>
						<key>CreatedOnToolsVersion</key>
						<string>6.3.1</string>
						<key>DevelopmentTeam</key>
						<string>T6U248P7YM</string>
						<key>SystemCapabilities</key>
						<dict>
							<key>com.apple.BackgroundModes</key>
							<dict>
								<key>enabled</key>
								<string>1</string>
							</dict>
							<key>com.apple.Push</key>
							<dict>
								<key>enabled</key>
								<string>1</string>
							</dict>
						</dict>
					</dict>
					<key>607FACE41AFB9204008FA782</key>
					<dict>
						<key>CreatedOnToolsVersion</key>
						<string>6.3.1</string>
						<key>DevelopmentTeam</key>
						<string>T6U248P7YM</string>
					</dict>
				</dict>
			</dict>
			<key>buildConfigurationList</key>
			<string>607FACCB1AFB9204008FA782</string>
			<key>compatibilityVersion</key>
			<string>Xcode 3.2</string>
			<key>developmentRegion</key>
			<string>English</string>
			<key>hasScannedForEncodings</key>
			<string>0</string>
			<key>isa</key>
			<string>PBXProject</string>
			<key>knownRegions</key>
			<array>
				<string>en</string>
				<string>Base</string>
			</array>
			<key>mainGroup</key>
			<string>607FACC71AFB9204008FA782</string>
			<key>productRefGroup</key>
			<string>607FACD11AFB9204008FA782</string>
			<key>projectDirPath</key>
			<string></string>
			<key>projectReferences</key>
			<array/>
			<key>projectRoot</key>
			<string></string>
			<key>targets</key>
			<array>
				<string>607FACCF1AFB9204008FA782</string>
				<string>607FACE41AFB9204008FA782</string>
				<string>8EFABFC71CEB3B9400510762</string>
			</array>
		</dict>
		<key>607FACCB1AFB9204008FA782</key>
		<dict>
			<key>buildConfigurations</key>
			<array>
				<string>607FACED1AFB9204008FA782</string>
				<string>607FACEE1AFB9204008FA782</string>
			</array>
			<key>defaultConfigurationIsVisible</key>
			<string>0</string>
			<key>defaultConfigurationName</key>
			<string>Release</string>
			<key>isa</key>
			<string>XCConfigurationList</string>
		</dict>
		<key>607FACCC1AFB9204008FA782</key>
		<dict>
			<key>buildActionMask</key>
			<string>2147483647</string>
			<key>files</key>
			<array>
				<string>5087EDA71CEEF82500B85546</string>
				<string>A08859571CEC5ADE003EE4A3</string>
				<string>502129431CEEF450007CEF8E</string>
				<string>5087EDB21CEF067100B85546</string>
				<string>5087EDB01CEF067100B85546</string>
				<string>A047BFD81CB4EB5C00A6859F</string>
				<string>607FACD61AFB9204008FA782</string>
				<string>5087EDB11CEF067100B85546</string>
				<string>5087EDB31CEF067100B85546</string>
			</array>
			<key>isa</key>
			<string>PBXSourcesBuildPhase</string>
			<key>runOnlyForDeploymentPostprocessing</key>
			<string>0</string>
		</dict>
		<key>607FACCD1AFB9204008FA782</key>
		<dict>
			<key>buildActionMask</key>
			<string>2147483647</string>
			<key>files</key>
			<array>
				<string>130981C2138CC6215DDF2AAF</string>
			</array>
			<key>isa</key>
			<string>PBXFrameworksBuildPhase</string>
			<key>runOnlyForDeploymentPostprocessing</key>
			<string>0</string>
		</dict>
		<key>607FACCE1AFB9204008FA782</key>
		<dict>
			<key>buildActionMask</key>
			<string>2147483647</string>
			<key>files</key>
			<array>
				<string>500003111CCB7B3C00C91479</string>
				<string>50B8C10D1CAD3362000FB79A</string>
				<string>500003101CCB7B3C00C91479</string>
				<string>A0953C291CAD1C660076488D</string>
				<string>8EC5E6061CEB4A36008D53A3</string>
				<string>5000030D1CCB7B2F00C91479</string>
				<string>607FACE01AFB9204008FA782</string>
				<string>5000030C1CCB7B2F00C91479</string>
			</array>
			<key>isa</key>
			<string>PBXResourcesBuildPhase</string>
			<key>runOnlyForDeploymentPostprocessing</key>
			<string>0</string>
		</dict>
		<key>607FACCF1AFB9204008FA782</key>
		<dict>
			<key>buildConfigurationList</key>
			<string>607FACEF1AFB9204008FA782</string>
			<key>buildPhases</key>
			<array>
				<string>8158C8F89627626885C74D7A</string>
				<string>607FACCC1AFB9204008FA782</string>
				<string>607FACCD1AFB9204008FA782</string>
				<string>607FACCE1AFB9204008FA782</string>
				<string>2BA1E4AB06B0CF6818EF241D</string>
				<string>7702B6E4F98CA0CB045A6BE7</string>
				<string>08F368215CB9025C13BC8245</string>
			</array>
			<key>buildRules</key>
			<array/>
			<key>dependencies</key>
			<array/>
			<key>isa</key>
			<string>PBXNativeTarget</string>
			<key>name</key>
			<string>MobileMessagingExample</string>
			<key>productName</key>
			<string>MobileMessaging</string>
			<key>productReference</key>
			<string>607FACD01AFB9204008FA782</string>
			<key>productType</key>
			<string>com.apple.product-type.application</string>
		</dict>
		<key>607FACD01AFB9204008FA782</key>
		<dict>
			<key>explicitFileType</key>
			<string>wrapper.application</string>
			<key>includeInIndex</key>
			<string>0</string>
			<key>isa</key>
			<string>PBXFileReference</string>
			<key>path</key>
			<string>MobileMessagingExample.app</string>
			<key>sourceTree</key>
			<string>BUILT_PRODUCTS_DIR</string>
		</dict>
		<key>607FACD11AFB9204008FA782</key>
		<dict>
			<key>children</key>
			<array>
				<string>607FACD01AFB9204008FA782</string>
				<string>607FACE51AFB9204008FA782</string>
				<string>8EFABFDD1CEB3B9400510762</string>
			</array>
			<key>isa</key>
			<string>PBXGroup</string>
			<key>name</key>
			<string>Products</string>
			<key>sourceTree</key>
			<string>&lt;group&gt;</string>
		</dict>
		<key>607FACD21AFB9204008FA782</key>
		<dict>
			<key>children</key>
			<array>
				<string>5087EDAB1CEF052700B85546</string>
				<string>5087EDAA1CEF04DB00B85546</string>
				<string>5087EDA91CEF04D500B85546</string>
				<string>5087EDA81CEF04CC00B85546</string>
				<string>A0953C271CAD1C660076488D</string>
				<string>607FACD51AFB9204008FA782</string>
				<string>607FACDC1AFB9204008FA782</string>
				<string>607FACDE1AFB9204008FA782</string>
				<string>607FACD31AFB9204008FA782</string>
			</array>
			<key>isa</key>
			<string>PBXGroup</string>
			<key>name</key>
			<string>Example for MobileMessaging</string>
			<key>path</key>
			<string>MobileMessagingExample</string>
			<key>sourceTree</key>
			<string>&lt;group&gt;</string>
		</dict>
		<key>607FACD31AFB9204008FA782</key>
		<dict>
			<key>children</key>
			<array>
				<string>607FACD41AFB9204008FA782</string>
			</array>
			<key>isa</key>
			<string>PBXGroup</string>
			<key>name</key>
			<string>Supporting Files</string>
			<key>sourceTree</key>
			<string>&lt;group&gt;</string>
		</dict>
		<key>607FACD41AFB9204008FA782</key>
		<dict>
			<key>isa</key>
			<string>PBXFileReference</string>
			<key>lastKnownFileType</key>
			<string>text.plist.xml</string>
			<key>path</key>
			<string>Info.plist</string>
			<key>sourceTree</key>
			<string>&lt;group&gt;</string>
		</dict>
		<key>607FACD51AFB9204008FA782</key>
		<dict>
			<key>isa</key>
			<string>PBXFileReference</string>
			<key>lastKnownFileType</key>
			<string>sourcecode.swift</string>
			<key>path</key>
			<string>AppDelegate.swift</string>
			<key>sourceTree</key>
			<string>&lt;group&gt;</string>
		</dict>
		<key>607FACD61AFB9204008FA782</key>
		<dict>
			<key>fileRef</key>
			<string>607FACD51AFB9204008FA782</string>
			<key>isa</key>
			<string>PBXBuildFile</string>
		</dict>
		<key>607FACDC1AFB9204008FA782</key>
		<dict>
			<key>isa</key>
			<string>PBXFileReference</string>
			<key>lastKnownFileType</key>
			<string>folder.assetcatalog</string>
			<key>path</key>
			<string>Images.xcassets</string>
			<key>sourceTree</key>
			<string>&lt;group&gt;</string>
		</dict>
		<key>607FACDE1AFB9204008FA782</key>
		<dict>
			<key>children</key>
			<array>
				<string>607FACDF1AFB9204008FA782</string>
			</array>
			<key>isa</key>
			<string>PBXVariantGroup</string>
			<key>name</key>
			<string>LaunchScreen.xib</string>
			<key>sourceTree</key>
			<string>&lt;group&gt;</string>
		</dict>
		<key>607FACDF1AFB9204008FA782</key>
		<dict>
			<key>isa</key>
			<string>PBXFileReference</string>
			<key>lastKnownFileType</key>
			<string>file.xib</string>
			<key>name</key>
			<string>Base</string>
			<key>path</key>
			<string>Base.lproj/LaunchScreen.xib</string>
			<key>sourceTree</key>
			<string>&lt;group&gt;</string>
		</dict>
		<key>607FACE01AFB9204008FA782</key>
		<dict>
			<key>fileRef</key>
			<string>607FACDE1AFB9204008FA782</string>
			<key>isa</key>
			<string>PBXBuildFile</string>
		</dict>
		<key>607FACE11AFB9204008FA782</key>
		<dict>
			<key>buildActionMask</key>
			<string>2147483647</string>
			<key>files</key>
			<array>
				<string>A0F30B101D410A3300247CED</string>
				<string>509B06641D7444C900E2C065</string>
				<string>A03F75031CE2243C00414A6B</string>
				<string>A0FF884B1DB1042F00A58F49</string>
				<string>5079E8EC1D37C61700C09BE9</string>
				<string>A0D1E2881D941ADE00DFB1E9</string>
				<string>A03F75071CE2243C00414A6B</string>
				<string>A024DEA51CF7477A00084EF5</string>
				<string>A03F75051CE2243C00414A6B</string>
				<string>50AD28B71D09889D009DCCD6</string>
				<string>507D54FD1D81ABAC00A26F37</string>
				<string>5073E4131D8AC93A00A175C4</string>
				<string>A03F75011CE2243C00414A6B</string>
				<string>A03F75001CE2243600414A6B</string>
				<string>A03F75021CE2243C00414A6B</string>
				<string>A03F75041CE2243C00414A6B</string>
				<string>A03F75061CE2243C00414A6B</string>
			</array>
			<key>isa</key>
			<string>PBXSourcesBuildPhase</string>
			<key>runOnlyForDeploymentPostprocessing</key>
			<string>0</string>
		</dict>
		<key>607FACE21AFB9204008FA782</key>
		<dict>
			<key>buildActionMask</key>
			<string>2147483647</string>
			<key>files</key>
			<array>
				<string>4F0D465B65A05D292C62BE2D</string>
			</array>
			<key>isa</key>
			<string>PBXFrameworksBuildPhase</string>
			<key>runOnlyForDeploymentPostprocessing</key>
			<string>0</string>
		</dict>
		<key>607FACE31AFB9204008FA782</key>
		<dict>
			<key>buildActionMask</key>
			<string>2147483647</string>
			<key>files</key>
			<array/>
			<key>isa</key>
			<string>PBXResourcesBuildPhase</string>
			<key>runOnlyForDeploymentPostprocessing</key>
			<string>0</string>
		</dict>
		<key>607FACE41AFB9204008FA782</key>
		<dict>
			<key>buildConfigurationList</key>
			<string>607FACF21AFB9204008FA782</string>
			<key>buildPhases</key>
			<array>
				<string>6B519840A313747BE34432D8</string>
				<string>607FACE11AFB9204008FA782</string>
				<string>607FACE21AFB9204008FA782</string>
				<string>607FACE31AFB9204008FA782</string>
				<string>7513CAE7B9372408CF329496</string>
				<string>EE8B93E9FDA7DD3A03B06009</string>
				<string>C4C655450E347CEA30545AA8</string>
			</array>
			<key>buildRules</key>
			<array/>
			<key>dependencies</key>
			<array>
				<string>607FACE71AFB9204008FA782</string>
			</array>
			<key>isa</key>
			<string>PBXNativeTarget</string>
			<key>name</key>
			<string>MobileMessagingExample_Tests</string>
			<key>productName</key>
			<string>Tests</string>
			<key>productReference</key>
			<string>607FACE51AFB9204008FA782</string>
			<key>productType</key>
			<string>com.apple.product-type.bundle.unit-test</string>
		</dict>
		<key>607FACE51AFB9204008FA782</key>
		<dict>
			<key>explicitFileType</key>
			<string>wrapper.cfbundle</string>
			<key>includeInIndex</key>
			<string>0</string>
			<key>isa</key>
			<string>PBXFileReference</string>
			<key>path</key>
			<string>MobileMessagingExample.xctest</string>
			<key>sourceTree</key>
			<string>BUILT_PRODUCTS_DIR</string>
		</dict>
		<key>607FACE61AFB9204008FA782</key>
		<dict>
			<key>containerPortal</key>
			<string>607FACC81AFB9204008FA782</string>
			<key>isa</key>
			<string>PBXContainerItemProxy</string>
			<key>proxyType</key>
			<string>1</string>
			<key>remoteGlobalIDString</key>
			<string>607FACCF1AFB9204008FA782</string>
			<key>remoteInfo</key>
			<string>MobileMessaging</string>
		</dict>
		<key>607FACE71AFB9204008FA782</key>
		<dict>
			<key>isa</key>
			<string>PBXTargetDependency</string>
			<key>target</key>
			<string>607FACCF1AFB9204008FA782</string>
			<key>targetProxy</key>
			<string>607FACE61AFB9204008FA782</string>
		</dict>
		<key>607FACE81AFB9204008FA782</key>
		<dict>
			<key>children</key>
			<array>
				<string>A09103D91CABA839001873B4</string>
				<string>607FACE91AFB9204008FA782</string>
			</array>
			<key>isa</key>
			<string>PBXGroup</string>
			<key>path</key>
			<string>Tests</string>
			<key>sourceTree</key>
			<string>&lt;group&gt;</string>
		</dict>
		<key>607FACE91AFB9204008FA782</key>
		<dict>
			<key>children</key>
			<array>
				<string>8EC5E6051CEB4A36008D53A3</string>
				<string>607FACEA1AFB9204008FA782</string>
			</array>
			<key>isa</key>
			<string>PBXGroup</string>
			<key>name</key>
			<string>Supporting Files</string>
			<key>sourceTree</key>
			<string>&lt;group&gt;</string>
		</dict>
		<key>607FACEA1AFB9204008FA782</key>
		<dict>
			<key>isa</key>
			<string>PBXFileReference</string>
			<key>lastKnownFileType</key>
			<string>text.plist.xml</string>
			<key>path</key>
			<string>Info.plist</string>
			<key>sourceTree</key>
			<string>&lt;group&gt;</string>
		</dict>
		<key>607FACED1AFB9204008FA782</key>
		<dict>
			<key>buildSettings</key>
			<dict>
				<key>ALWAYS_SEARCH_USER_PATHS</key>
				<string>NO</string>
				<key>CLANG_CXX_LANGUAGE_STANDARD</key>
				<string>gnu++0x</string>
				<key>CLANG_CXX_LIBRARY</key>
				<string>libc++</string>
				<key>CLANG_ENABLE_MODULES</key>
				<string>YES</string>
				<key>CLANG_ENABLE_OBJC_ARC</key>
				<string>YES</string>
				<key>CLANG_WARN_BOOL_CONVERSION</key>
				<string>YES</string>
				<key>CLANG_WARN_CONSTANT_CONVERSION</key>
				<string>YES</string>
				<key>CLANG_WARN_DIRECT_OBJC_ISA_USAGE</key>
				<string>YES_ERROR</string>
				<key>CLANG_WARN_EMPTY_BODY</key>
				<string>YES</string>
				<key>CLANG_WARN_ENUM_CONVERSION</key>
				<string>YES</string>
				<key>CLANG_WARN_INT_CONVERSION</key>
				<string>YES</string>
				<key>CLANG_WARN_OBJC_ROOT_CLASS</key>
				<string>YES_ERROR</string>
				<key>CLANG_WARN_UNREACHABLE_CODE</key>
				<string>YES</string>
				<key>CLANG_WARN__DUPLICATE_METHOD_MATCH</key>
				<string>YES</string>
				<key>CODE_SIGN_IDENTITY[sdk=iphoneos*]</key>
				<string>iPhone Developer</string>
				<key>COPY_PHASE_STRIP</key>
				<string>NO</string>
				<key>CURRENT_PROJECT_VERSION</key>
				<string>1460136653739</string>
				<key>DEBUG_INFORMATION_FORMAT</key>
				<string>dwarf-with-dsym</string>
				<key>ENABLE_STRICT_OBJC_MSGSEND</key>
				<string>YES</string>
				<key>ENABLE_TESTABILITY</key>
				<string>YES</string>
				<key>GCC_C_LANGUAGE_STANDARD</key>
				<string>gnu99</string>
				<key>GCC_DYNAMIC_NO_PIC</key>
				<string>NO</string>
				<key>GCC_NO_COMMON_BLOCKS</key>
				<string>YES</string>
				<key>GCC_OPTIMIZATION_LEVEL</key>
				<string>0</string>
				<key>GCC_PREPROCESSOR_DEFINITIONS</key>
				<array>
					<string>DEBUG=1</string>
					<string>$(inherited)</string>
				</array>
				<key>GCC_SYMBOLS_PRIVATE_EXTERN</key>
				<string>NO</string>
				<key>GCC_WARN_64_TO_32_BIT_CONVERSION</key>
				<string>YES</string>
				<key>GCC_WARN_ABOUT_RETURN_TYPE</key>
				<string>YES_ERROR</string>
				<key>GCC_WARN_UNDECLARED_SELECTOR</key>
				<string>YES</string>
				<key>GCC_WARN_UNINITIALIZED_AUTOS</key>
				<string>YES_AGGRESSIVE</string>
				<key>GCC_WARN_UNUSED_FUNCTION</key>
				<string>YES</string>
				<key>GCC_WARN_UNUSED_VARIABLE</key>
				<string>YES</string>
				<key>IPHONEOS_DEPLOYMENT_TARGET</key>
				<string>8.0</string>
				<key>MTL_ENABLE_DEBUG_INFO</key>
				<string>YES</string>
				<key>ONLY_ACTIVE_ARCH</key>
				<string>YES</string>
				<key>OTHER_SWIFT_FLAGS</key>
				<string></string>
				<key>SDKROOT</key>
				<string>iphoneos</string>
				<key>SWIFT_OPTIMIZATION_LEVEL</key>
				<string>-Onone</string>
				<key>VERSIONING_SYSTEM</key>
				<string>apple-generic</string>
			</dict>
			<key>isa</key>
			<string>XCBuildConfiguration</string>
			<key>name</key>
			<string>Debug</string>
		</dict>
		<key>607FACEE1AFB9204008FA782</key>
		<dict>
			<key>buildSettings</key>
			<dict>
				<key>ALWAYS_SEARCH_USER_PATHS</key>
				<string>NO</string>
				<key>CLANG_CXX_LANGUAGE_STANDARD</key>
				<string>gnu++0x</string>
				<key>CLANG_CXX_LIBRARY</key>
				<string>libc++</string>
				<key>CLANG_ENABLE_MODULES</key>
				<string>YES</string>
				<key>CLANG_ENABLE_OBJC_ARC</key>
				<string>YES</string>
				<key>CLANG_WARN_BOOL_CONVERSION</key>
				<string>YES</string>
				<key>CLANG_WARN_CONSTANT_CONVERSION</key>
				<string>YES</string>
				<key>CLANG_WARN_DIRECT_OBJC_ISA_USAGE</key>
				<string>YES_ERROR</string>
				<key>CLANG_WARN_EMPTY_BODY</key>
				<string>YES</string>
				<key>CLANG_WARN_ENUM_CONVERSION</key>
				<string>YES</string>
				<key>CLANG_WARN_INT_CONVERSION</key>
				<string>YES</string>
				<key>CLANG_WARN_OBJC_ROOT_CLASS</key>
				<string>YES_ERROR</string>
				<key>CLANG_WARN_UNREACHABLE_CODE</key>
				<string>YES</string>
				<key>CLANG_WARN__DUPLICATE_METHOD_MATCH</key>
				<string>YES</string>
				<key>CODE_SIGN_IDENTITY[sdk=iphoneos*]</key>
				<string>iPhone Developer</string>
				<key>COPY_PHASE_STRIP</key>
				<string>NO</string>
				<key>CURRENT_PROJECT_VERSION</key>
				<string>1460136653739</string>
				<key>DEBUG_INFORMATION_FORMAT</key>
				<string>dwarf-with-dsym</string>
				<key>ENABLE_NS_ASSERTIONS</key>
				<string>NO</string>
				<key>ENABLE_STRICT_OBJC_MSGSEND</key>
				<string>YES</string>
				<key>GCC_C_LANGUAGE_STANDARD</key>
				<string>gnu99</string>
				<key>GCC_NO_COMMON_BLOCKS</key>
				<string>YES</string>
				<key>GCC_WARN_64_TO_32_BIT_CONVERSION</key>
				<string>YES</string>
				<key>GCC_WARN_ABOUT_RETURN_TYPE</key>
				<string>YES_ERROR</string>
				<key>GCC_WARN_UNDECLARED_SELECTOR</key>
				<string>YES</string>
				<key>GCC_WARN_UNINITIALIZED_AUTOS</key>
				<string>YES_AGGRESSIVE</string>
				<key>GCC_WARN_UNUSED_FUNCTION</key>
				<string>YES</string>
				<key>GCC_WARN_UNUSED_VARIABLE</key>
				<string>YES</string>
				<key>IPHONEOS_DEPLOYMENT_TARGET</key>
				<string>8.0</string>
				<key>MTL_ENABLE_DEBUG_INFO</key>
				<string>NO</string>
				<key>SDKROOT</key>
				<string>iphoneos</string>
				<key>VALIDATE_PRODUCT</key>
				<string>YES</string>
				<key>VERSIONING_SYSTEM</key>
				<string>apple-generic</string>
			</dict>
			<key>isa</key>
			<string>XCBuildConfiguration</string>
			<key>name</key>
			<string>Release</string>
		</dict>
		<key>607FACEF1AFB9204008FA782</key>
		<dict>
			<key>buildConfigurations</key>
			<array>
				<string>607FACF01AFB9204008FA782</string>
				<string>607FACF11AFB9204008FA782</string>
			</array>
			<key>defaultConfigurationIsVisible</key>
			<string>0</string>
			<key>defaultConfigurationName</key>
			<string>Release</string>
			<key>isa</key>
			<string>XCConfigurationList</string>
		</dict>
		<key>607FACF01AFB9204008FA782</key>
		<dict>
			<key>baseConfigurationReference</key>
			<string>92EDD51DD139EB66B0220FB6</string>
			<key>buildSettings</key>
			<dict>
				<key>ASSETCATALOG_COMPILER_APPICON_NAME</key>
				<string>AppIcon</string>
				<key>CODE_SIGN_IDENTITY</key>
				<string>iPhone Developer</string>
				<key>CURRENT_PROJECT_VERSION</key>
				<string>1460136653739</string>
				<key>DEFINES_MODULE</key>
				<string>YES</string>
				<key>FRAMEWORK_SEARCH_PATHS</key>
				<array>
					<string>$(inherited)</string>
					<string>$(PROJECT_DIR)/build/Debug-iphoneos</string>
					<string>$(PROJECT_DIR)</string>
				</array>
				<key>GCC_PREPROCESSOR_DEFINITIONS</key>
				<array>
					<string>$(inherited)</string>
					<string>COCOAPODS=1</string>
				</array>
				<key>INFOPLIST_FILE</key>
				<string>MobileMessagingExample/Info.plist</string>
				<key>LD_RUNPATH_SEARCH_PATHS</key>
				<string>$(inherited) @executable_path/Frameworks</string>
				<key>MODULE_NAME</key>
				<string>ExampleApp</string>
				<key>OTHER_SWIFT_FLAGS</key>
				<string>$(inherited) "-D" "COCOAPODS"</string>
				<key>PRODUCT_BUNDLE_IDENTIFIER</key>
				<string>com.infobip.mobilemessaging.example</string>
				<key>PRODUCT_NAME</key>
				<string>MobileMessagingExample</string>
				<key>SWIFT_VERSION</key>
				<string>3.0</string>
			</dict>
			<key>isa</key>
			<string>XCBuildConfiguration</string>
			<key>name</key>
			<string>Debug</string>
		</dict>
		<key>607FACF11AFB9204008FA782</key>
		<dict>
			<key>baseConfigurationReference</key>
			<string>6D2FC6DA7CFFCAEFA9E9A2AB</string>
			<key>buildSettings</key>
			<dict>
				<key>ASSETCATALOG_COMPILER_APPICON_NAME</key>
				<string>AppIcon</string>
				<key>CODE_SIGN_IDENTITY</key>
				<string>iPhone Developer</string>
				<key>CURRENT_PROJECT_VERSION</key>
				<string>1460136653739</string>
				<key>DEFINES_MODULE</key>
				<string>YES</string>
				<key>FRAMEWORK_SEARCH_PATHS</key>
				<array>
					<string>$(inherited)</string>
					<string>$(PROJECT_DIR)/build/Debug-iphoneos</string>
					<string>$(PROJECT_DIR)</string>
				</array>
				<key>GCC_PREPROCESSOR_DEFINITIONS</key>
				<array>
					<string>$(inherited)</string>
					<string>COCOAPODS=1</string>
				</array>
				<key>INFOPLIST_FILE</key>
				<string>MobileMessagingExample/Info.plist</string>
				<key>LD_RUNPATH_SEARCH_PATHS</key>
				<string>$(inherited) @executable_path/Frameworks</string>
				<key>MODULE_NAME</key>
				<string>ExampleApp</string>
				<key>OTHER_SWIFT_FLAGS</key>
				<string>$(inherited) "-D" "COCOAPODS"</string>
				<key>PRODUCT_BUNDLE_IDENTIFIER</key>
				<string>com.infobip.mobilemessaging.example</string>
				<key>PRODUCT_NAME</key>
				<string>MobileMessagingExample</string>
				<key>SWIFT_VERSION</key>
				<string>3.0</string>
			</dict>
			<key>isa</key>
			<string>XCBuildConfiguration</string>
			<key>name</key>
			<string>Release</string>
		</dict>
		<key>607FACF21AFB9204008FA782</key>
		<dict>
			<key>buildConfigurations</key>
			<array>
				<string>607FACF31AFB9204008FA782</string>
				<string>607FACF41AFB9204008FA782</string>
			</array>
			<key>defaultConfigurationIsVisible</key>
			<string>0</string>
			<key>defaultConfigurationName</key>
			<string>Release</string>
			<key>isa</key>
			<string>XCConfigurationList</string>
		</dict>
		<key>607FACF31AFB9204008FA782</key>
		<dict>
			<key>baseConfigurationReference</key>
			<string>E12BA09A52F82DC21AABDCF1</string>
			<key>buildSettings</key>
			<dict>
				<key>DEVELOPMENT_TEAM</key>
				<string>T6U248P7YM</string>
				<key>FRAMEWORK_SEARCH_PATHS</key>
				<array>
					<string>$(SDKROOT)/Developer/Library/Frameworks</string>
					<string>$(inherited)</string>
					<string>$(PROJECT_DIR)/build/Debug-iphoneos</string>
				</array>
				<key>GCC_PREPROCESSOR_DEFINITIONS</key>
				<array>
					<string>DEBUG=1</string>
					<string>$(inherited)</string>
				</array>
				<key>INFOPLIST_FILE</key>
				<string>Tests/Info.plist</string>
				<key>LD_RUNPATH_SEARCH_PATHS</key>
				<string>$(inherited) @executable_path/Frameworks @loader_path/Frameworks</string>
				<key>PRODUCT_BUNDLE_IDENTIFIER</key>
				<string>org.cocoapods.$(PRODUCT_NAME:rfc1034identifier)</string>
				<key>PRODUCT_NAME</key>
				<string>MobileMessagingExample</string>
				<key>SWIFT_VERSION</key>
				<string>3.0</string>
			</dict>
			<key>isa</key>
			<string>XCBuildConfiguration</string>
			<key>name</key>
			<string>Debug</string>
		</dict>
		<key>607FACF41AFB9204008FA782</key>
		<dict>
			<key>baseConfigurationReference</key>
			<string>EF0D3E03184EAF5AB97A1D2A</string>
			<key>buildSettings</key>
			<dict>
				<key>DEVELOPMENT_TEAM</key>
				<string>T6U248P7YM</string>
				<key>FRAMEWORK_SEARCH_PATHS</key>
				<array>
					<string>$(SDKROOT)/Developer/Library/Frameworks</string>
					<string>$(inherited)</string>
					<string>$(PROJECT_DIR)/build/Debug-iphoneos</string>
				</array>
				<key>INFOPLIST_FILE</key>
				<string>Tests/Info.plist</string>
				<key>LD_RUNPATH_SEARCH_PATHS</key>
				<string>$(inherited) @executable_path/Frameworks @loader_path/Frameworks</string>
				<key>PRODUCT_BUNDLE_IDENTIFIER</key>
				<string>org.cocoapods.$(PRODUCT_NAME:rfc1034identifier)</string>
				<key>PRODUCT_NAME</key>
				<string>MobileMessagingExample</string>
				<key>SWIFT_VERSION</key>
				<string>3.0</string>
			</dict>
			<key>isa</key>
			<string>XCBuildConfiguration</string>
			<key>name</key>
			<string>Release</string>
		</dict>
		<key>607FACF51AFB993E008FA782</key>
		<dict>
			<key>children</key>
			<array>
				<string>854CAD8A86B9610693BA4BC7</string>
				<string>DA73038AA431C3538C3F8E66</string>
				<string>F131340E2E65C8C12A3D0354</string>
			</array>
			<key>isa</key>
			<string>PBXGroup</string>
			<key>name</key>
			<string>Podspec Metadata</string>
			<key>sourceTree</key>
			<string>&lt;group&gt;</string>
		</dict>
		<key>6527DBE41CAD144F00526BE7</key>
		<dict>
			<key>isa</key>
			<string>PBXFileReference</string>
			<key>lastKnownFileType</key>
			<string>wrapper.framework</string>
			<key>path</key>
			<string>Fabric.framework</string>
			<key>sourceTree</key>
			<string>&lt;group&gt;</string>
		</dict>
		<key>6527DBE51CAD144F00526BE7</key>
		<dict>
			<key>isa</key>
			<string>PBXFileReference</string>
			<key>lastKnownFileType</key>
			<string>wrapper.framework</string>
			<key>path</key>
			<string>Crashlytics.framework</string>
			<key>sourceTree</key>
			<string>&lt;group&gt;</string>
		</dict>
		<key>6B519840A313747BE34432D8</key>
		<dict>
			<key>buildActionMask</key>
			<string>2147483647</string>
			<key>files</key>
			<array/>
			<key>inputPaths</key>
			<array/>
			<key>isa</key>
			<string>PBXShellScriptBuildPhase</string>
			<key>name</key>
			<string>[CP] Check Pods Manifest.lock</string>
			<key>outputPaths</key>
			<array/>
			<key>runOnlyForDeploymentPostprocessing</key>
			<string>0</string>
			<key>shellPath</key>
			<string>/bin/sh</string>
			<key>shellScript</key>
			<string>diff "${PODS_ROOT}/../Podfile.lock" "${PODS_ROOT}/Manifest.lock" &gt; /dev/null
if [ $? != 0 ] ; then
    # print error to STDERR
    echo "error: The sandbox is not in sync with the Podfile.lock. Run 'pod install' or update your CocoaPods installation." &gt;&amp;2
    exit 1
fi
</string>
			<key>showEnvVarsInLog</key>
			<string>0</string>
		</dict>
		<key>6D2FC6DA7CFFCAEFA9E9A2AB</key>
		<dict>
			<key>includeInIndex</key>
			<string>1</string>
			<key>isa</key>
			<string>PBXFileReference</string>
			<key>lastKnownFileType</key>
			<string>text.xcconfig</string>
			<key>name</key>
			<string>Pods-MobileMessagingExample.release.xcconfig</string>
			<key>path</key>
			<string>Pods/Target Support Files/Pods-MobileMessagingExample/Pods-MobileMessagingExample.release.xcconfig</string>
			<key>sourceTree</key>
			<string>&lt;group&gt;</string>
		</dict>
		<key>7513CAE7B9372408CF329496</key>
		<dict>
			<key>buildActionMask</key>
			<string>2147483647</string>
			<key>files</key>
			<array/>
			<key>inputPaths</key>
			<array/>
			<key>isa</key>
			<string>PBXShellScriptBuildPhase</string>
			<key>name</key>
			<string>[CP] Embed Pods Frameworks</string>
			<key>outputPaths</key>
			<array/>
			<key>runOnlyForDeploymentPostprocessing</key>
			<string>0</string>
			<key>shellPath</key>
			<string>/bin/sh</string>
			<key>shellScript</key>
			<string>"${SRCROOT}/Pods/Target Support Files/Pods-MobileMessagingExample_Tests/Pods-MobileMessagingExample_Tests-frameworks.sh"
</string>
			<key>showEnvVarsInLog</key>
			<string>0</string>
		</dict>
		<key>7702B6E4F98CA0CB045A6BE7</key>
		<dict>
			<key>buildActionMask</key>
			<string>2147483647</string>
			<key>files</key>
			<array/>
			<key>inputPaths</key>
			<array/>
			<key>isa</key>
			<string>PBXShellScriptBuildPhase</string>
			<key>name</key>
			<string>[CP] Copy Pods Resources</string>
			<key>outputPaths</key>
			<array/>
			<key>runOnlyForDeploymentPostprocessing</key>
			<string>0</string>
			<key>shellPath</key>
			<string>/bin/sh</string>
			<key>shellScript</key>
			<string>"${SRCROOT}/Pods/Target Support Files/Pods-MobileMessagingExample/Pods-MobileMessagingExample-resources.sh"
</string>
			<key>showEnvVarsInLog</key>
			<string>0</string>
		</dict>
		<key>8158C8F89627626885C74D7A</key>
		<dict>
			<key>buildActionMask</key>
			<string>2147483647</string>
			<key>files</key>
			<array/>
			<key>inputPaths</key>
			<array/>
			<key>isa</key>
			<string>PBXShellScriptBuildPhase</string>
			<key>name</key>
			<string>[CP] Check Pods Manifest.lock</string>
			<key>outputPaths</key>
			<array/>
			<key>runOnlyForDeploymentPostprocessing</key>
			<string>0</string>
			<key>shellPath</key>
			<string>/bin/sh</string>
			<key>shellScript</key>
			<string>diff "${PODS_ROOT}/../Podfile.lock" "${PODS_ROOT}/Manifest.lock" &gt; /dev/null
if [ $? != 0 ] ; then
    # print error to STDERR
    echo "error: The sandbox is not in sync with the Podfile.lock. Run 'pod install' or update your CocoaPods installation." &gt;&amp;2
    exit 1
fi
</string>
			<key>showEnvVarsInLog</key>
			<string>0</string>
		</dict>
		<key>854CAD8A86B9610693BA4BC7</key>
		<dict>
			<key>includeInIndex</key>
			<string>1</string>
			<key>isa</key>
			<string>PBXFileReference</string>
			<key>lastKnownFileType</key>
			<string>text</string>
			<key>name</key>
			<string>MobileMessaging.podspec</string>
			<key>path</key>
			<string>../MobileMessaging.podspec</string>
			<key>sourceTree</key>
			<string>&lt;group&gt;</string>
		</dict>
		<key>8EC5E6051CEB4A36008D53A3</key>
		<dict>
			<key>fileEncoding</key>
			<string>4</string>
			<key>isa</key>
			<string>PBXFileReference</string>
			<key>lastKnownFileType</key>
			<string>text.plist.xml</string>
			<key>path</key>
			<string>MobileMessagingExample_Tests_Device-Info.plist</string>
			<key>sourceTree</key>
			<string>&lt;group&gt;</string>
		</dict>
		<key>8EC5E6061CEB4A36008D53A3</key>
		<dict>
			<key>fileRef</key>
			<string>8EC5E6051CEB4A36008D53A3</string>
			<key>isa</key>
			<string>PBXBuildFile</string>
		</dict>
		<key>8EFABFC71CEB3B9400510762</key>
		<dict>
			<key>buildConfigurationList</key>
			<string>8EFABFDA1CEB3B9400510762</string>
			<key>buildPhases</key>
			<array>
				<string>8EFABFCB1CEB3B9400510762</string>
				<string>8EFABFD41CEB3B9400510762</string>
				<string>8EFABFD71CEB3B9400510762</string>
			</array>
			<key>buildRules</key>
			<array/>
			<key>dependencies</key>
			<array>
				<string>8EFABFC81CEB3B9400510762</string>
			</array>
			<key>isa</key>
			<string>PBXNativeTarget</string>
			<key>name</key>
			<string>MobileMessagingExample_Tests_Device</string>
			<key>productName</key>
			<string>Tests</string>
			<key>productReference</key>
			<string>8EFABFDD1CEB3B9400510762</string>
			<key>productType</key>
			<string>com.apple.product-type.bundle.unit-test</string>
		</dict>
		<key>8EFABFC81CEB3B9400510762</key>
		<dict>
			<key>isa</key>
			<string>PBXTargetDependency</string>
			<key>target</key>
			<string>607FACCF1AFB9204008FA782</string>
			<key>targetProxy</key>
			<string>8EFABFC91CEB3B9400510762</string>
		</dict>
		<key>8EFABFC91CEB3B9400510762</key>
		<dict>
			<key>containerPortal</key>
			<string>607FACC81AFB9204008FA782</string>
			<key>isa</key>
			<string>PBXContainerItemProxy</string>
			<key>proxyType</key>
			<string>1</string>
			<key>remoteGlobalIDString</key>
			<string>607FACCF1AFB9204008FA782</string>
			<key>remoteInfo</key>
			<string>MobileMessaging</string>
		</dict>
		<key>8EFABFCB1CEB3B9400510762</key>
		<dict>
			<key>buildActionMask</key>
			<string>2147483647</string>
			<key>files</key>
			<array>
				<string>8EFABFCC1CEB3B9400510762</string>
				<string>509B06651D7444CA00E2C065</string>
				<string>8EFABFCD1CEB3B9400510762</string>
				<string>A0FF884C1DB1042F00A58F49</string>
				<string>A024DEA61CF7477A00084EF5</string>
				<string>8EFABFCE1CEB3B9400510762</string>
				<string>50AD28B81D09889D009DCCD6</string>
				<string>50DBBC8A1D50880300485835</string>
				<string>50DBBC8B1D50881200485835</string>
				<string>8EFABFCF1CEB3B9400510762</string>
				<string>507D54FE1D81ABAD00A26F37</string>
				<string>5073E4141D8AC93A00A175C4</string>
				<string>50829B781D62056B00BAFA46</string>
				<string>8EFABFD01CEB3B9400510762</string>
				<string>8EFABFD11CEB3B9400510762</string>
				<string>8EFABFD21CEB3B9400510762</string>
				<string>8EFABFD31CEB3B9400510762</string>
			</array>
			<key>isa</key>
			<string>PBXSourcesBuildPhase</string>
			<key>runOnlyForDeploymentPostprocessing</key>
			<string>0</string>
		</dict>
		<key>8EFABFCC1CEB3B9400510762</key>
		<dict>
			<key>fileRef</key>
			<string>A09103DE1CABA839001873B4</string>
			<key>isa</key>
			<string>PBXBuildFile</string>
		</dict>
		<key>8EFABFCD1CEB3B9400510762</key>
		<dict>
			<key>fileRef</key>
			<string>5077629C1CC2893B00499542</string>
			<key>isa</key>
			<string>PBXBuildFile</string>
		</dict>
		<key>8EFABFCE1CEB3B9400510762</key>
		<dict>
			<key>fileRef</key>
			<string>A09103E01CABA839001873B4</string>
			<key>isa</key>
			<string>PBXBuildFile</string>
		</dict>
		<key>8EFABFCF1CEB3B9400510762</key>
		<dict>
			<key>fileRef</key>
			<string>A09103DB1CABA839001873B4</string>
			<key>isa</key>
			<string>PBXBuildFile</string>
		</dict>
		<key>8EFABFD01CEB3B9400510762</key>
		<dict>
			<key>fileRef</key>
			<string>A09103DA1CABA839001873B4</string>
			<key>isa</key>
			<string>PBXBuildFile</string>
		</dict>
		<key>8EFABFD11CEB3B9400510762</key>
		<dict>
			<key>fileRef</key>
			<string>A09103DC1CABA839001873B4</string>
			<key>isa</key>
			<string>PBXBuildFile</string>
		</dict>
		<key>8EFABFD21CEB3B9400510762</key>
		<dict>
			<key>fileRef</key>
			<string>A09103DF1CABA839001873B4</string>
			<key>isa</key>
			<string>PBXBuildFile</string>
		</dict>
		<key>8EFABFD31CEB3B9400510762</key>
		<dict>
			<key>fileRef</key>
			<string>A0ED51491CBFA72F00EF1B43</string>
			<key>isa</key>
			<string>PBXBuildFile</string>
		</dict>
		<key>8EFABFD41CEB3B9400510762</key>
		<dict>
			<key>buildActionMask</key>
			<string>2147483647</string>
			<key>files</key>
			<array/>
			<key>isa</key>
			<string>PBXFrameworksBuildPhase</string>
			<key>runOnlyForDeploymentPostprocessing</key>
			<string>0</string>
		</dict>
		<key>8EFABFD71CEB3B9400510762</key>
		<dict>
			<key>buildActionMask</key>
			<string>2147483647</string>
			<key>files</key>
			<array/>
			<key>isa</key>
			<string>PBXResourcesBuildPhase</string>
			<key>runOnlyForDeploymentPostprocessing</key>
			<string>0</string>
		</dict>
		<key>8EFABFDA1CEB3B9400510762</key>
		<dict>
			<key>buildConfigurations</key>
			<array>
				<string>8EFABFDB1CEB3B9400510762</string>
				<string>8EFABFDC1CEB3B9400510762</string>
			</array>
			<key>defaultConfigurationIsVisible</key>
			<string>0</string>
			<key>defaultConfigurationName</key>
			<string>Release</string>
			<key>isa</key>
			<string>XCConfigurationList</string>
		</dict>
		<key>8EFABFDB1CEB3B9400510762</key>
		<dict>
			<key>buildSettings</key>
			<dict>
				<key>FRAMEWORK_SEARCH_PATHS</key>
				<array>
					<string>$(SDKROOT)/Developer/Library/Frameworks</string>
					<string>$(inherited)</string>
					<string>$(PROJECT_DIR)/build/Debug-iphoneos</string>
				</array>
				<key>GCC_PREPROCESSOR_DEFINITIONS</key>
				<array>
					<string>DEBUG=1</string>
					<string>$(inherited)</string>
				</array>
				<key>INFOPLIST_FILE</key>
				<string>Tests/MobileMessagingExample_Tests_Device-Info.plist</string>
				<key>LD_RUNPATH_SEARCH_PATHS</key>
				<string>$(inherited) @executable_path/Frameworks @loader_path/Frameworks</string>
				<key>OTHER_SWIFT_FLAGS</key>
				<string>$(inherited) "-D" "COCOAPODS"</string>
				<key>PRODUCT_BUNDLE_IDENTIFIER</key>
				<string>org.cocoapods.$(PRODUCT_NAME:rfc1034identifier)</string>
				<key>PRODUCT_NAME</key>
				<string>$(TARGET_NAME)</string>
			</dict>
			<key>isa</key>
			<string>XCBuildConfiguration</string>
			<key>name</key>
			<string>Debug</string>
		</dict>
		<key>8EFABFDC1CEB3B9400510762</key>
		<dict>
			<key>buildSettings</key>
			<dict>
				<key>FRAMEWORK_SEARCH_PATHS</key>
				<array>
					<string>$(SDKROOT)/Developer/Library/Frameworks</string>
					<string>$(inherited)</string>
					<string>$(PROJECT_DIR)/build/Debug-iphoneos</string>
				</array>
				<key>INFOPLIST_FILE</key>
				<string>Tests/MobileMessagingExample_Tests_Device-Info.plist</string>
				<key>LD_RUNPATH_SEARCH_PATHS</key>
				<string>$(inherited) @executable_path/Frameworks @loader_path/Frameworks</string>
				<key>OTHER_SWIFT_FLAGS</key>
				<string>$(inherited) "-D" "COCOAPODS"</string>
				<key>PRODUCT_BUNDLE_IDENTIFIER</key>
				<string>org.cocoapods.$(PRODUCT_NAME:rfc1034identifier)</string>
				<key>PRODUCT_NAME</key>
				<string>$(TARGET_NAME)</string>
			</dict>
			<key>isa</key>
			<string>XCBuildConfiguration</string>
			<key>name</key>
			<string>Release</string>
		</dict>
		<key>8EFABFDD1CEB3B9400510762</key>
		<dict>
			<key>explicitFileType</key>
			<string>wrapper.cfbundle</string>
			<key>includeInIndex</key>
			<string>0</string>
			<key>isa</key>
			<string>PBXFileReference</string>
			<key>path</key>
			<string>MobileMessagingExample_Tests_Device.xctest</string>
			<key>sourceTree</key>
			<string>BUILT_PRODUCTS_DIR</string>
		</dict>
		<key>92EDD51DD139EB66B0220FB6</key>
		<dict>
			<key>includeInIndex</key>
			<string>1</string>
			<key>isa</key>
			<string>PBXFileReference</string>
			<key>lastKnownFileType</key>
			<string>text.xcconfig</string>
			<key>name</key>
			<string>Pods-MobileMessagingExample.debug.xcconfig</string>
			<key>path</key>
			<string>Pods/Target Support Files/Pods-MobileMessagingExample/Pods-MobileMessagingExample.debug.xcconfig</string>
			<key>sourceTree</key>
			<string>&lt;group&gt;</string>
		</dict>
		<key>95801CD79F1D6C14055AC54B</key>
		<dict>
			<key>explicitFileType</key>
			<string>wrapper.framework</string>
			<key>includeInIndex</key>
			<string>0</string>
			<key>isa</key>
			<string>PBXFileReference</string>
			<key>path</key>
			<string>Pods_MobileMessagingExample_Tests.framework</string>
			<key>sourceTree</key>
			<string>BUILT_PRODUCTS_DIR</string>
		</dict>
		<key>A024DEA41CF7477A00084EF5</key>
		<dict>
			<key>fileEncoding</key>
			<string>4</string>
			<key>isa</key>
			<string>PBXFileReference</string>
			<key>lastKnownFileType</key>
			<string>sourcecode.swift</string>
			<key>path</key>
			<string>EscapingQueryTests.swift</string>
			<key>sourceTree</key>
			<string>&lt;group&gt;</string>
		</dict>
		<key>A024DEA51CF7477A00084EF5</key>
		<dict>
			<key>fileRef</key>
			<string>A024DEA41CF7477A00084EF5</string>
			<key>isa</key>
			<string>PBXBuildFile</string>
		</dict>
		<key>A024DEA61CF7477A00084EF5</key>
		<dict>
			<key>fileRef</key>
			<string>A024DEA41CF7477A00084EF5</string>
			<key>isa</key>
			<string>PBXBuildFile</string>
		</dict>
		<key>A03F75001CE2243600414A6B</key>
		<dict>
			<key>fileRef</key>
			<string>A09103DA1CABA839001873B4</string>
			<key>isa</key>
			<string>PBXBuildFile</string>
		</dict>
		<key>A03F75011CE2243C00414A6B</key>
		<dict>
			<key>fileRef</key>
			<string>A09103DB1CABA839001873B4</string>
			<key>isa</key>
			<string>PBXBuildFile</string>
		</dict>
		<key>A03F75021CE2243C00414A6B</key>
		<dict>
			<key>fileRef</key>
			<string>A09103DC1CABA839001873B4</string>
			<key>isa</key>
			<string>PBXBuildFile</string>
		</dict>
		<key>A03F75031CE2243C00414A6B</key>
		<dict>
			<key>fileRef</key>
			<string>A09103DE1CABA839001873B4</string>
			<key>isa</key>
			<string>PBXBuildFile</string>
		</dict>
		<key>A03F75041CE2243C00414A6B</key>
		<dict>
			<key>fileRef</key>
			<string>A09103DF1CABA839001873B4</string>
			<key>isa</key>
			<string>PBXBuildFile</string>
		</dict>
		<key>A03F75051CE2243C00414A6B</key>
		<dict>
			<key>fileRef</key>
			<string>A09103E01CABA839001873B4</string>
			<key>isa</key>
			<string>PBXBuildFile</string>
		</dict>
		<key>A03F75061CE2243C00414A6B</key>
		<dict>
			<key>fileRef</key>
			<string>A0ED51491CBFA72F00EF1B43</string>
			<key>isa</key>
			<string>PBXBuildFile</string>
		</dict>
		<key>A03F75071CE2243C00414A6B</key>
		<dict>
			<key>fileRef</key>
			<string>5077629C1CC2893B00499542</string>
			<key>isa</key>
			<string>PBXBuildFile</string>
		</dict>
		<key>A047BFD71CB4EB5C00A6859F</key>
		<dict>
			<key>fileEncoding</key>
			<string>4</string>
			<key>isa</key>
			<string>PBXFileReference</string>
			<key>lastKnownFileType</key>
			<string>sourcecode.swift</string>
			<key>path</key>
			<string>CopyableCell.swift</string>
			<key>sourceTree</key>
			<string>&lt;group&gt;</string>
		</dict>
		<key>A047BFD81CB4EB5C00A6859F</key>
		<dict>
			<key>fileRef</key>
			<string>A047BFD71CB4EB5C00A6859F</string>
			<key>isa</key>
			<string>PBXBuildFile</string>
		</dict>
		<key>A08859561CEC5ADE003EE4A3</key>
		<dict>
			<key>fileEncoding</key>
			<string>4</string>
			<key>isa</key>
			<string>PBXFileReference</string>
			<key>lastKnownFileType</key>
			<string>sourcecode.swift</string>
			<key>path</key>
			<string>NSErrorExtension.swift</string>
			<key>sourceTree</key>
			<string>&lt;group&gt;</string>
		</dict>
		<key>A08859571CEC5ADE003EE4A3</key>
		<dict>
			<key>fileRef</key>
			<string>A08859561CEC5ADE003EE4A3</string>
			<key>isa</key>
			<string>PBXBuildFile</string>
		</dict>
		<key>A09103D91CABA839001873B4</key>
		<dict>
			<key>children</key>
			<array>
				<string>507D54FC1D81ABAC00A26F37</string>
				<string>5073E4121D8AC93A00A175C4</string>
				<string>A024DEA41CF7477A00084EF5</string>
				<string>A09103DA1CABA839001873B4</string>
				<string>A09103DB1CABA839001873B4</string>
				<string>A09103DC1CABA839001873B4</string>
				<string>A09103DE1CABA839001873B4</string>
				<string>A09103DF1CABA839001873B4</string>
				<string>A09103E01CABA839001873B4</string>
				<string>A0ED51491CBFA72F00EF1B43</string>
				<string>5077629C1CC2893B00499542</string>
				<string>50AD28B61D09889D009DCCD6</string>
				<string>5079E8EB1D37C61700C09BE9</string>
				<string>A0F30B0F1D410A3300247CED</string>
				<string>50829B761D62056B00BAFA46</string>
				<string>509B06631D7444C900E2C065</string>
				<string>A0FF884A1DB1042F00A58F49</string>
			</array>
			<key>isa</key>
			<string>PBXGroup</string>
			<key>path</key>
			<string>MobileMessagingTests</string>
			<key>sourceTree</key>
			<string>&lt;group&gt;</string>
		</dict>
		<key>A09103DA1CABA839001873B4</key>
		<dict>
			<key>fileEncoding</key>
			<string>4</string>
			<key>isa</key>
			<string>PBXFileReference</string>
			<key>lastKnownFileType</key>
			<string>sourcecode.swift</string>
			<key>path</key>
			<string>MessageReceivingTests.swift</string>
			<key>sourceTree</key>
			<string>&lt;group&gt;</string>
		</dict>
		<key>A09103DB1CABA839001873B4</key>
		<dict>
			<key>fileEncoding</key>
			<string>4</string>
			<key>isa</key>
			<string>PBXFileReference</string>
			<key>lastKnownFileType</key>
			<string>sourcecode.swift</string>
			<key>path</key>
			<string>RegistrationTests.swift</string>
			<key>sourceTree</key>
			<string>&lt;group&gt;</string>
		</dict>
		<key>A09103DC1CABA839001873B4</key>
		<dict>
			<key>fileEncoding</key>
			<string>4</string>
			<key>isa</key>
			<string>PBXFileReference</string>
			<key>lastKnownFileType</key>
			<string>sourcecode.swift</string>
			<key>path</key>
			<string>RetryOperationTests.swift</string>
			<key>sourceTree</key>
			<string>&lt;group&gt;</string>
		</dict>
		<key>A09103DE1CABA839001873B4</key>
		<dict>
			<key>fileEncoding</key>
			<string>4</string>
			<key>isa</key>
			<string>PBXFileReference</string>
			<key>lastKnownFileType</key>
			<string>sourcecode.swift</string>
			<key>path</key>
			<string>DeliveryReportingTests.swift</string>
			<key>sourceTree</key>
			<string>&lt;group&gt;</string>
		</dict>
		<key>A09103DF1CABA839001873B4</key>
		<dict>
			<key>fileEncoding</key>
			<string>4</string>
			<key>isa</key>
			<string>PBXFileReference</string>
			<key>lastKnownFileType</key>
			<string>sourcecode.swift</string>
			<key>path</key>
			<string>FetchMessagesTest.swift</string>
			<key>sourceTree</key>
			<string>&lt;group&gt;</string>
		</dict>
		<key>A09103E01CABA839001873B4</key>
		<dict>
			<key>fileEncoding</key>
			<string>4</string>
			<key>isa</key>
			<string>PBXFileReference</string>
			<key>lastKnownFileType</key>
			<string>sourcecode.swift</string>
			<key>path</key>
			<string>TestUtils.swift</string>
			<key>sourceTree</key>
			<string>&lt;group&gt;</string>
		</dict>
		<key>A0953C271CAD1C660076488D</key>
		<dict>
			<key>children</key>
			<array>
				<string>A0953C281CAD1C660076488D</string>
			</array>
			<key>isa</key>
			<string>PBXVariantGroup</string>
			<key>name</key>
			<string>Main.storyboard</string>
			<key>sourceTree</key>
			<string>&lt;group&gt;</string>
		</dict>
		<key>A0953C281CAD1C660076488D</key>
		<dict>
			<key>isa</key>
			<string>PBXFileReference</string>
			<key>lastKnownFileType</key>
			<string>file.storyboard</string>
			<key>name</key>
			<string>Base</string>
			<key>path</key>
			<string>Base.lproj/Main.storyboard</string>
			<key>sourceTree</key>
			<string>&lt;group&gt;</string>
		</dict>
		<key>A0953C291CAD1C660076488D</key>
		<dict>
			<key>fileRef</key>
			<string>A0953C271CAD1C660076488D</string>
			<key>isa</key>
			<string>PBXBuildFile</string>
		</dict>
		<key>A0D1E2881D941ADE00DFB1E9</key>
		<dict>
			<key>fileRef</key>
			<string>50829B761D62056B00BAFA46</string>
			<key>isa</key>
			<string>PBXBuildFile</string>
		</dict>
		<key>A0ED51491CBFA72F00EF1B43</key>
		<dict>
			<key>fileEncoding</key>
			<string>4</string>
			<key>isa</key>
			<string>PBXFileReference</string>
			<key>lastKnownFileType</key>
			<string>sourcecode.swift</string>
			<key>path</key>
			<string>MessageSeenTests.swift</string>
			<key>sourceTree</key>
			<string>&lt;group&gt;</string>
		</dict>
		<key>A0F30B0F1D410A3300247CED</key>
		<dict>
			<key>fileEncoding</key>
			<string>4</string>
			<key>isa</key>
			<string>PBXFileReference</string>
			<key>lastKnownFileType</key>
			<string>sourcecode.swift</string>
			<key>path</key>
			<string>MOMessageSendingTests.swift</string>
			<key>sourceTree</key>
			<string>&lt;group&gt;</string>
		</dict>
		<key>A0F30B101D410A3300247CED</key>
		<dict>
			<key>fileRef</key>
			<string>A0F30B0F1D410A3300247CED</string>
			<key>isa</key>
			<string>PBXBuildFile</string>
		</dict>
		<key>A0FF884A1DB1042F00A58F49</key>
		<dict>
			<key>fileEncoding</key>
			<string>4</string>
			<key>isa</key>
			<string>PBXFileReference</string>
			<key>lastKnownFileType</key>
			<string>sourcecode.swift</string>
			<key>path</key>
			<string>CheckVersionTests.swift</string>
			<key>sourceTree</key>
			<string>&lt;group&gt;</string>
		</dict>
		<key>A0FF884B1DB1042F00A58F49</key>
		<dict>
			<key>fileRef</key>
			<string>A0FF884A1DB1042F00A58F49</string>
			<key>isa</key>
			<string>PBXBuildFile</string>
		</dict>
		<key>A0FF884C1DB1042F00A58F49</key>
		<dict>
			<key>fileRef</key>
			<string>A0FF884A1DB1042F00A58F49</string>
			<key>isa</key>
			<string>PBXBuildFile</string>
		</dict>
		<key>C4C655450E347CEA30545AA8</key>
		<dict>
			<key>buildActionMask</key>
			<string>2147483647</string>
			<key>files</key>
			<array/>
			<key>inputPaths</key>
			<array/>
			<key>isa</key>
			<string>PBXShellScriptBuildPhase</string>
			<key>name</key>
			<string>Embed Pods Frameworks</string>
			<key>outputPaths</key>
			<array/>
			<key>runOnlyForDeploymentPostprocessing</key>
			<string>0</string>
			<key>shellPath</key>
			<string>/bin/sh</string>
			<key>shellScript</key>
			<string>"${SRCROOT}/Pods/Target Support Files/Pods-MobileMessagingExample_Tests/Pods-MobileMessagingExample_Tests-frameworks.sh"
</string>
			<key>showEnvVarsInLog</key>
			<string>0</string>
		</dict>
		<key>DA73038AA431C3538C3F8E66</key>
		<dict>
			<key>includeInIndex</key>
			<string>1</string>
			<key>isa</key>
			<string>PBXFileReference</string>
			<key>lastKnownFileType</key>
			<string>net.daringfireball.markdown</string>
			<key>name</key>
			<string>README.md</string>
			<key>path</key>
			<string>../README.md</string>
			<key>sourceTree</key>
			<string>&lt;group&gt;</string>
		</dict>
		<key>E12BA09A52F82DC21AABDCF1</key>
		<dict>
			<key>includeInIndex</key>
			<string>1</string>
			<key>isa</key>
			<string>PBXFileReference</string>
			<key>lastKnownFileType</key>
			<string>text.xcconfig</string>
			<key>name</key>
			<string>Pods-MobileMessagingExample_Tests.debug.xcconfig</string>
			<key>path</key>
			<string>Pods/Target Support Files/Pods-MobileMessagingExample_Tests/Pods-MobileMessagingExample_Tests.debug.xcconfig</string>
			<key>sourceTree</key>
			<string>&lt;group&gt;</string>
		</dict>
		<key>EE8B93E9FDA7DD3A03B06009</key>
		<dict>
			<key>buildActionMask</key>
			<string>2147483647</string>
			<key>files</key>
			<array/>
			<key>inputPaths</key>
			<array/>
			<key>isa</key>
			<string>PBXShellScriptBuildPhase</string>
			<key>name</key>
			<string>[CP] Copy Pods Resources</string>
			<key>outputPaths</key>
			<array/>
			<key>runOnlyForDeploymentPostprocessing</key>
			<string>0</string>
			<key>shellPath</key>
			<string>/bin/sh</string>
			<key>shellScript</key>
			<string>"${SRCROOT}/Pods/Target Support Files/Pods-MobileMessagingExample_Tests/Pods-MobileMessagingExample_Tests-resources.sh"
</string>
			<key>showEnvVarsInLog</key>
			<string>0</string>
		</dict>
		<key>EF0D3E03184EAF5AB97A1D2A</key>
		<dict>
			<key>includeInIndex</key>
			<string>1</string>
			<key>isa</key>
			<string>PBXFileReference</string>
			<key>lastKnownFileType</key>
			<string>text.xcconfig</string>
			<key>name</key>
			<string>Pods-MobileMessagingExample_Tests.release.xcconfig</string>
			<key>path</key>
			<string>Pods/Target Support Files/Pods-MobileMessagingExample_Tests/Pods-MobileMessagingExample_Tests.release.xcconfig</string>
			<key>sourceTree</key>
			<string>&lt;group&gt;</string>
		</dict>
		<key>F131340E2E65C8C12A3D0354</key>
		<dict>
			<key>includeInIndex</key>
			<string>1</string>
			<key>isa</key>
			<string>PBXFileReference</string>
			<key>lastKnownFileType</key>
			<string>text</string>
			<key>name</key>
			<string>LICENSE</string>
			<key>path</key>
			<string>../LICENSE</string>
			<key>sourceTree</key>
			<string>&lt;group&gt;</string>
		</dict>
	</dict>
	<key>rootObject</key>
	<string>607FACC81AFB9204008FA782</string>
</dict>
</plist>
