// !$*UTF8*$!
{
	archiveVersion = 1;
	classes = {
	};
	objectVersion = 54;
	objects = {

/* Begin PBXBuildFile section */
		25A61B8A2A24A0FD00E0F9E1 /* WebRTCUI in Frameworks */ = {isa = PBXBuildFile; productRef = 25A61B892A24A0FD00E0F9E1 /* WebRTCUI */; };
		25A61B8C2A24A10100E0F9E1 /* InAppChat in Frameworks */ = {isa = PBXBuildFile; productRef = 25A61B8B2A24A10100E0F9E1 /* InAppChat */; };
		25A61B8F2A24A17300E0F9E1 /* SwiftJWT in Frameworks */ = {isa = PBXBuildFile; productRef = 25A61B8E2A24A17300E0F9E1 /* SwiftJWT */; };
		A01BC55F2A273B2E0029F965 /* MobileMessaging in Frameworks */ = {isa = PBXBuildFile; productRef = A01BC55E2A273B2E0029F965 /* MobileMessaging */; };
		A01BC5612A273B320029F965 /* MobileMessagingLogging in Frameworks */ = {isa = PBXBuildFile; productRef = A01BC5602A273B320029F965 /* MobileMessagingLogging */; };
		A82572E52AB9D4DC00598CD5 /* ViewController.swift in Sources */ = {isa = PBXBuildFile; fileRef = A82572CF2AB9D4DB00598CD5 /* ViewController.swift */; };
		A82572E62AB9D4DC00598CD5 /* MMInboundCall.wav in Resources */ = {isa = PBXBuildFile; fileRef = A82572D12AB9D4DB00598CD5 /* MMInboundCall.wav */; };
		A82572E72AB9D4DC00598CD5 /* JWTClaims.swift in Sources */ = {isa = PBXBuildFile; fileRef = A82572D22AB9D4DB00598CD5 /* JWTClaims.swift */; };
		A82572E82AB9D4DC00598CD5 /* Constants.swift in Sources */ = {isa = PBXBuildFile; fileRef = A82572D32AB9D4DB00598CD5 /* Constants.swift */; };
		A82572EA2AB9D4DC00598CD5 /* OptionListVC.swift in Sources */ = {isa = PBXBuildFile; fileRef = A82572D52AB9D4DC00598CD5 /* OptionListVC.swift */; };
		A82572EB2AB9D4DC00598CD5 /* AuthenticatedChatVC.swift in Sources */ = {isa = PBXBuildFile; fileRef = A82572D62AB9D4DC00598CD5 /* AuthenticatedChatVC.swift */; };
		A82572EC2AB9D4DC00598CD5 /* AppDelegate.swift in Sources */ = {isa = PBXBuildFile; fileRef = A82572D72AB9D4DC00598CD5 /* AppDelegate.swift */; };
		A82572ED2AB9D4DC00598CD5 /* LanguageTableVC.swift in Sources */ = {isa = PBXBuildFile; fileRef = A82572D82AB9D4DC00598CD5 /* LanguageTableVC.swift */; };
		A82572EE2AB9D4DC00598CD5 /* PersonalizationVC.swift in Sources */ = {isa = PBXBuildFile; fileRef = A82572D92AB9D4DC00598CD5 /* PersonalizationVC.swift */; };
		A82572EF2AB9D4DC00598CD5 /* Assets.xcassets in Resources */ = {isa = PBXBuildFile; fileRef = A82572DA2AB9D4DC00598CD5 /* Assets.xcassets */; };
		A82572F02AB9D4DC00598CD5 /* attachIcon.svg in Resources */ = {isa = PBXBuildFile; fileRef = A82572DC2AB9D4DC00598CD5 /* attachIcon.svg */; };
		A82572F12AB9D4DC00598CD5 /* alphaLogo.png in Resources */ = {isa = PBXBuildFile; fileRef = A82572DD2AB9D4DC00598CD5 /* alphaLogo.png */; };
		A82572F22AB9D4DC00598CD5 /* sendIcon.svg in Resources */ = {isa = PBXBuildFile; fileRef = A82572DE2AB9D4DC00598CD5 /* sendIcon.svg */; };
		A82572F32AB9D4DC00598CD5 /* LaunchScreen.storyboard in Resources */ = {isa = PBXBuildFile; fileRef = A82572E12AB9D4DC00598CD5 /* LaunchScreen.storyboard */; };
		A82572F42AB9D4DC00598CD5 /* Main.storyboard in Resources */ = {isa = PBXBuildFile; fileRef = A82572E32AB9D4DC00598CD5 /* Main.storyboard */; };
		A83DDBC02ACAF72800FE9874 /* ExternalChatInputViewController.swift in Sources */ = {isa = PBXBuildFile; fileRef = A83DDBBF2ACAF72800FE9874 /* ExternalChatInputViewController.swift */; };
		A83DDBC22ACAF73900FE9874 /* SwiftUIChatView.swift in Sources */ = {isa = PBXBuildFile; fileRef = A83DDBC12ACAF73900FE9874 /* SwiftUIChatView.swift */; };
		A8A3AA3A2E5EF63F007F5E2B /* LiveChatAPIView.swift in Sources */ = {isa = PBXBuildFile; fileRef = A8A3AA392E5EF63F007F5E2B /* LiveChatAPIView.swift */; };
		A8A3AA3B2E5EF63F007F5E2B /* BadgeCounterHandler.swift in Sources */ = {isa = PBXBuildFile; fileRef = A8A3AA382E5EF63F007F5E2B /* BadgeCounterHandler.swift */; };
/* End PBXBuildFile section */

/* Begin PBXFileReference section */
		765259E61FB5A99100058788 /* MobileChatExample.app */ = {isa = PBXFileReference; explicitFileType = wrapper.application; includeInIndex = 0; path = MobileChatExample.app; sourceTree = BUILT_PRODUCTS_DIR; };
		765259F51FB5A99100058788 /* Info.plist */ = {isa = PBXFileReference; lastKnownFileType = text.plist.xml; path = Info.plist; sourceTree = "<group>"; };
		A01BC55D2A2738CD0029F965 /* infobip-mobile-messaging-ios */ = {isa = PBXFileReference; lastKnownFileType = wrapper; name = "infobip-mobile-messaging-ios"; path = ..; sourceTree = "<group>"; };
		A82572CF2AB9D4DB00598CD5 /* ViewController.swift */ = {isa = PBXFileReference; fileEncoding = 4; lastKnownFileType = sourcecode.swift; name = ViewController.swift; path = ../../ChatExample/MobileChatExample/ViewController.swift; sourceTree = "<group>"; };
		A82572D12AB9D4DB00598CD5 /* MMInboundCall.wav */ = {isa = PBXFileReference; lastKnownFileType = audio.wav; path = MMInboundCall.wav; sourceTree = "<group>"; };
		A82572D22AB9D4DB00598CD5 /* JWTClaims.swift */ = {isa = PBXFileReference; fileEncoding = 4; lastKnownFileType = sourcecode.swift; name = JWTClaims.swift; path = ../../ChatExample/MobileChatExample/JWTClaims.swift; sourceTree = "<group>"; };
		A82572D32AB9D4DB00598CD5 /* Constants.swift */ = {isa = PBXFileReference; fileEncoding = 4; lastKnownFileType = sourcecode.swift; name = Constants.swift; path = ../../ChatExample/MobileChatExample/Constants.swift; sourceTree = "<group>"; };
		A82572D52AB9D4DC00598CD5 /* OptionListVC.swift */ = {isa = PBXFileReference; fileEncoding = 4; lastKnownFileType = sourcecode.swift; name = OptionListVC.swift; path = ../../ChatExample/MobileChatExample/OptionListVC.swift; sourceTree = "<group>"; };
		A82572D62AB9D4DC00598CD5 /* AuthenticatedChatVC.swift */ = {isa = PBXFileReference; fileEncoding = 4; lastKnownFileType = sourcecode.swift; name = AuthenticatedChatVC.swift; path = ../../ChatExample/MobileChatExample/AuthenticatedChatVC.swift; sourceTree = "<group>"; };
		A82572D72AB9D4DC00598CD5 /* AppDelegate.swift */ = {isa = PBXFileReference; fileEncoding = 4; lastKnownFileType = sourcecode.swift; name = AppDelegate.swift; path = ../../ChatExample/MobileChatExample/AppDelegate.swift; sourceTree = "<group>"; };
		A82572D82AB9D4DC00598CD5 /* LanguageTableVC.swift */ = {isa = PBXFileReference; fileEncoding = 4; lastKnownFileType = sourcecode.swift; name = LanguageTableVC.swift; path = ../../ChatExample/MobileChatExample/LanguageTableVC.swift; sourceTree = "<group>"; };
		A82572D92AB9D4DC00598CD5 /* PersonalizationVC.swift */ = {isa = PBXFileReference; fileEncoding = 4; lastKnownFileType = sourcecode.swift; name = PersonalizationVC.swift; path = ../../ChatExample/MobileChatExample/PersonalizationVC.swift; sourceTree = "<group>"; };
		A82572DA2AB9D4DC00598CD5 /* Assets.xcassets */ = {isa = PBXFileReference; lastKnownFileType = folder.assetcatalog; name = Assets.xcassets; path = ../../ChatExample/MobileChatExample/Assets.xcassets; sourceTree = "<group>"; };
		A82572DC2AB9D4DC00598CD5 /* attachIcon.svg */ = {isa = PBXFileReference; fileEncoding = 4; lastKnownFileType = text; path = attachIcon.svg; sourceTree = "<group>"; };
		A82572DD2AB9D4DC00598CD5 /* alphaLogo.png */ = {isa = PBXFileReference; lastKnownFileType = image.png; path = alphaLogo.png; sourceTree = "<group>"; };
		A82572DE2AB9D4DC00598CD5 /* sendIcon.svg */ = {isa = PBXFileReference; fileEncoding = 4; lastKnownFileType = text; path = sendIcon.svg; sourceTree = "<group>"; };
		A82572DF2AB9D4DC00598CD5 /* MobileChatExample.entitlements */ = {isa = PBXFileReference; fileEncoding = 4; lastKnownFileType = text.plist.entitlements; name = MobileChatExample.entitlements; path = ../../ChatExample/MobileChatExample/MobileChatExample.entitlements; sourceTree = "<group>"; };
		A82572E22AB9D4DC00598CD5 /* Base */ = {isa = PBXFileReference; lastKnownFileType = file.storyboard; name = Base; path = LaunchScreen.storyboard; sourceTree = "<group>"; };
		A82572E42AB9D4DC00598CD5 /* Base */ = {isa = PBXFileReference; lastKnownFileType = file.storyboard; name = Base; path = Main.storyboard; sourceTree = "<group>"; };
		A83DDBBF2ACAF72800FE9874 /* ExternalChatInputViewController.swift */ = {isa = PBXFileReference; fileEncoding = 4; lastKnownFileType = sourcecode.swift; name = ExternalChatInputViewController.swift; path = ../../ChatExample/MobileChatExample/ExternalChatInputViewController.swift; sourceTree = "<group>"; };
		A83DDBC12ACAF73900FE9874 /* SwiftUIChatView.swift */ = {isa = PBXFileReference; fileEncoding = 4; lastKnownFileType = sourcecode.swift; name = SwiftUIChatView.swift; path = ../../ChatExample/MobileChatExample/SwiftUIChatView.swift; sourceTree = "<group>"; };
		A8A3AA382E5EF63F007F5E2B /* BadgeCounterHandler.swift */ = {isa = PBXFileReference; lastKnownFileType = sourcecode.swift; name = BadgeCounterHandler.swift; path = ../ChatExample/MobileChatExample/BadgeCounterHandler.swift; sourceTree = SOURCE_ROOT; };
		A8A3AA392E5EF63F007F5E2B /* LiveChatAPIView.swift */ = {isa = PBXFileReference; lastKnownFileType = sourcecode.swift; name = LiveChatAPIView.swift; path = ../ChatExample/MobileChatExample/LiveChatAPIView.swift; sourceTree = SOURCE_ROOT; };
/* End PBXFileReference section */

/* Begin PBXFrameworksBuildPhase section */
		765259E31FB5A99100058788 /* Frameworks */ = {
			isa = PBXFrameworksBuildPhase;
			buildActionMask = 2147483647;
			files = (
				25A61B8A2A24A0FD00E0F9E1 /* WebRTCUI in Frameworks */,
				A01BC5612A273B320029F965 /* MobileMessagingLogging in Frameworks */,
				A01BC55F2A273B2E0029F965 /* MobileMessaging in Frameworks */,
				25A61B8C2A24A10100E0F9E1 /* InAppChat in Frameworks */,
				25A61B8F2A24A17300E0F9E1 /* SwiftJWT in Frameworks */,
			);
			runOnlyForDeploymentPostprocessing = 0;
		};
/* End PBXFrameworksBuildPhase section */

/* Begin PBXGroup section */
		251DD5EB2A16286E00F54451 /* Frameworks */ = {
			isa = PBXGroup;
			children = (
			);
			name = Frameworks;
			sourceTree = "<group>";
		};
		25A61B872A249FDE00E0F9E1 /* Packages */ = {
			isa = PBXGroup;
			children = (
				A01BC55D2A2738CD0029F965 /* infobip-mobile-messaging-ios */,
			);
			name = Packages;
			sourceTree = "<group>";
		};
		765259DD1FB5A99100058788 = {
			isa = PBXGroup;
			children = (
				25A61B872A249FDE00E0F9E1 /* Packages */,
				765259E81FB5A99100058788 /* MobileChatExample */,
				765259E71FB5A99100058788 /* Products */,
				251DD5EB2A16286E00F54451 /* Frameworks */,
			);
			sourceTree = "<group>";
		};
		765259E71FB5A99100058788 /* Products */ = {
			isa = PBXGroup;
			children = (
				765259E61FB5A99100058788 /* MobileChatExample.app */,
			);
			name = Products;
			sourceTree = "<group>";
		};
		765259E81FB5A99100058788 /* MobileChatExample */ = {
			isa = PBXGroup;
			children = (
				A8A3AA382E5EF63F007F5E2B /* BadgeCounterHandler.swift */,
				A8A3AA392E5EF63F007F5E2B /* LiveChatAPIView.swift */,
				A83DDBC12ACAF73900FE9874 /* SwiftUIChatView.swift */,
				A83DDBBF2ACAF72800FE9874 /* ExternalChatInputViewController.swift */,
				A82572D72AB9D4DC00598CD5 /* AppDelegate.swift */,
				A82572DA2AB9D4DC00598CD5 /* Assets.xcassets */,
				A82572D62AB9D4DC00598CD5 /* AuthenticatedChatVC.swift */,
				A82572E02AB9D4DC00598CD5 /* Base.lproj */,
				A82572D32AB9D4DB00598CD5 /* Constants.swift */,
				A82572D22AB9D4DB00598CD5 /* JWTClaims.swift */,
				A82572D82AB9D4DC00598CD5 /* LanguageTableVC.swift */,
				A82572DF2AB9D4DC00598CD5 /* MobileChatExample.entitlements */,
				A82572D52AB9D4DC00598CD5 /* OptionListVC.swift */,
				A82572D92AB9D4DC00598CD5 /* PersonalizationVC.swift */,
				A82572DB2AB9D4DC00598CD5 /* Resources */,
				A82572D02AB9D4DB00598CD5 /* Sounds */,
				A82572CF2AB9D4DB00598CD5 /* ViewController.swift */,
				765259F51FB5A99100058788 /* Info.plist */,
			);
			path = MobileChatExample;
			sourceTree = "<group>";
		};
		A82572D02AB9D4DB00598CD5 /* Sounds */ = {
			isa = PBXGroup;
			children = (
				A82572D12AB9D4DB00598CD5 /* MMInboundCall.wav */,
			);
			name = Sounds;
			path = ../../ChatExample/MobileChatExample/Sounds;
			sourceTree = "<group>";
		};
		A82572DB2AB9D4DC00598CD5 /* Resources */ = {
			isa = PBXGroup;
			children = (
				A82572DC2AB9D4DC00598CD5 /* attachIcon.svg */,
				A82572DD2AB9D4DC00598CD5 /* alphaLogo.png */,
				A82572DE2AB9D4DC00598CD5 /* sendIcon.svg */,
			);
			name = Resources;
			path = ../../ChatExample/MobileChatExample/Resources;
			sourceTree = "<group>";
		};
		A82572E02AB9D4DC00598CD5 /* Base.lproj */ = {
			isa = PBXGroup;
			children = (
				A82572E12AB9D4DC00598CD5 /* LaunchScreen.storyboard */,
				A82572E32AB9D4DC00598CD5 /* Main.storyboard */,
			);
			name = Base.lproj;
			path = ../../ChatExample/MobileChatExample/Base.lproj;
			sourceTree = "<group>";
		};
/* End PBXGroup section */

/* Begin PBXNativeTarget section */
		765259E51FB5A99100058788 /* MobileChatExample */ = {
			isa = PBXNativeTarget;
			buildConfigurationList = 765259F81FB5A99100058788 /* Build configuration list for PBXNativeTarget "MobileChatExample" */;
			buildPhases = (
				765259E21FB5A99100058788 /* Sources */,
				765259E31FB5A99100058788 /* Frameworks */,
				765259E41FB5A99100058788 /* Resources */,
			);
			buildRules = (
			);
			dependencies = (
			);
			name = MobileChatExample;
			packageProductDependencies = (
				25A61B892A24A0FD00E0F9E1 /* WebRTCUI */,
				25A61B8B2A24A10100E0F9E1 /* InAppChat */,
				25A61B8E2A24A17300E0F9E1 /* SwiftJWT */,
				A01BC55E2A273B2E0029F965 /* MobileMessaging */,
				A01BC5602A273B320029F965 /* MobileMessagingLogging */,
			);
			productName = MobileChatExample;
			productReference = 765259E61FB5A99100058788 /* MobileChatExample.app */;
			productType = "com.apple.product-type.application";
		};
/* End PBXNativeTarget section */

/* Begin PBXProject section */
		765259DE1FB5A99100058788 /* Project object */ = {
			isa = PBXProject;
			attributes = {
				LastSwiftUpdateCheck = 0910;
				LastUpgradeCheck = 0930;
				ORGANIZATIONNAME = "Infobip d.o.o.";
				TargetAttributes = {
					765259E51FB5A99100058788 = {
						CreatedOnToolsVersion = 9.1;
						LastSwiftMigration = 1430;
						SystemCapabilities = {
							com.apple.BackgroundModes = {
								enabled = 1;
							};
							com.apple.Push = {
								enabled = 1;
							};
						};
					};
				};
			};
			buildConfigurationList = 765259E11FB5A99100058788 /* Build configuration list for PBXProject "MobileChatExample" */;
			compatibilityVersion = "Xcode 8.0";
			developmentRegion = en;
			hasScannedForEncodings = 0;
			knownRegions = (
				en,
				Base,
			);
			mainGroup = 765259DD1FB5A99100058788;
			packageReferences = (
				25A61B8D2A24A17300E0F9E1 /* XCRemoteSwiftPackageReference "Swift-JWT" */,
			);
			productRefGroup = 765259E71FB5A99100058788 /* Products */;
			projectDirPath = "";
			projectRoot = "";
			targets = (
				765259E51FB5A99100058788 /* MobileChatExample */,
			);
		};
/* End PBXProject section */

/* Begin PBXResourcesBuildPhase section */
		765259E41FB5A99100058788 /* Resources */ = {
			isa = PBXResourcesBuildPhase;
			buildActionMask = 2147483647;
			files = (
				A82572F42AB9D4DC00598CD5 /* Main.storyboard in Resources */,
				A82572EF2AB9D4DC00598CD5 /* Assets.xcassets in Resources */,
				A82572F02AB9D4DC00598CD5 /* attachIcon.svg in Resources */,
				A82572F22AB9D4DC00598CD5 /* sendIcon.svg in Resources */,
				A82572F32AB9D4DC00598CD5 /* LaunchScreen.storyboard in Resources */,
				A82572E62AB9D4DC00598CD5 /* MMInboundCall.wav in Resources */,
				A82572F12AB9D4DC00598CD5 /* alphaLogo.png in Resources */,
			);
			runOnlyForDeploymentPostprocessing = 0;
		};
/* End PBXResourcesBuildPhase section */

/* Begin PBXSourcesBuildPhase section */
		765259E21FB5A99100058788 /* Sources */ = {
			isa = PBXSourcesBuildPhase;
			buildActionMask = 2147483647;
			files = (
				A83DDBC02ACAF72800FE9874 /* ExternalChatInputViewController.swift in Sources */,
				A8A3AA3A2E5EF63F007F5E2B /* LiveChatAPIView.swift in Sources */,
				A8A3AA3B2E5EF63F007F5E2B /* BadgeCounterHandler.swift in Sources */,
				A82572EB2AB9D4DC00598CD5 /* AuthenticatedChatVC.swift in Sources */,
				A82572E72AB9D4DC00598CD5 /* JWTClaims.swift in Sources */,
				A82572EA2AB9D4DC00598CD5 /* OptionListVC.swift in Sources */,
				A83DDBC22ACAF73900FE9874 /* SwiftUIChatView.swift in Sources */,
				A82572EC2AB9D4DC00598CD5 /* AppDelegate.swift in Sources */,
				A82572ED2AB9D4DC00598CD5 /* LanguageTableVC.swift in Sources */,
				A82572E52AB9D4DC00598CD5 /* ViewController.swift in Sources */,
				A82572EE2AB9D4DC00598CD5 /* PersonalizationVC.swift in Sources */,
				A82572E82AB9D4DC00598CD5 /* Constants.swift in Sources */,
			);
			runOnlyForDeploymentPostprocessing = 0;
		};
/* End PBXSourcesBuildPhase section */

/* Begin PBXVariantGroup section */
		A82572E12AB9D4DC00598CD5 /* LaunchScreen.storyboard */ = {
			isa = PBXVariantGroup;
			children = (
				A82572E22AB9D4DC00598CD5 /* Base */,
			);
			name = LaunchScreen.storyboard;
			sourceTree = "<group>";
		};
		A82572E32AB9D4DC00598CD5 /* Main.storyboard */ = {
			isa = PBXVariantGroup;
			children = (
				A82572E42AB9D4DC00598CD5 /* Base */,
			);
			name = Main.storyboard;
			sourceTree = "<group>";
		};
/* End PBXVariantGroup section */

/* Begin XCBuildConfiguration section */
		765259F61FB5A99100058788 /* Debug */ = {
			isa = XCBuildConfiguration;
			buildSettings = {
				ALWAYS_SEARCH_USER_PATHS = NO;
				CLANG_ANALYZER_NONNULL = YES;
				CLANG_ANALYZER_NUMBER_OBJECT_CONVERSION = YES_AGGRESSIVE;
				CLANG_CXX_LANGUAGE_STANDARD = "gnu++14";
				CLANG_CXX_LIBRARY = "libc++";
				CLANG_ENABLE_MODULES = YES;
				CLANG_ENABLE_OBJC_ARC = YES;
				CLANG_WARN_BLOCK_CAPTURE_AUTORELEASING = YES;
				CLANG_WARN_BOOL_CONVERSION = YES;
				CLANG_WARN_COMMA = YES;
				CLANG_WARN_CONSTANT_CONVERSION = YES;
				CLANG_WARN_DEPRECATED_OBJC_IMPLEMENTATIONS = YES;
				CLANG_WARN_DIRECT_OBJC_ISA_USAGE = YES_ERROR;
				CLANG_WARN_DOCUMENTATION_COMMENTS = YES;
				CLANG_WARN_EMPTY_BODY = YES;
				CLANG_WARN_ENUM_CONVERSION = YES;
				CLANG_WARN_INFINITE_RECURSION = YES;
				CLANG_WARN_INT_CONVERSION = YES;
				CLANG_WARN_NON_LITERAL_NULL_CONVERSION = YES;
				CLANG_WARN_OBJC_IMPLICIT_RETAIN_SELF = YES;
				CLANG_WARN_OBJC_LITERAL_CONVERSION = YES;
				CLANG_WARN_OBJC_ROOT_CLASS = YES_ERROR;
				CLANG_WARN_RANGE_LOOP_ANALYSIS = YES;
				CLANG_WARN_STRICT_PROTOTYPES = YES;
				CLANG_WARN_SUSPICIOUS_MOVE = YES;
				CLANG_WARN_UNGUARDED_AVAILABILITY = YES_AGGRESSIVE;
				CLANG_WARN_UNREACHABLE_CODE = YES;
				CLANG_WARN__DUPLICATE_METHOD_MATCH = YES;
				CODE_SIGN_IDENTITY = "iPhone Developer";
				COPY_PHASE_STRIP = NO;
				DEBUG_INFORMATION_FORMAT = dwarf;
				ENABLE_STRICT_OBJC_MSGSEND = YES;
				ENABLE_TESTABILITY = YES;
				GCC_C_LANGUAGE_STANDARD = gnu11;
				GCC_DYNAMIC_NO_PIC = NO;
				GCC_NO_COMMON_BLOCKS = YES;
				GCC_OPTIMIZATION_LEVEL = 0;
				GCC_PREPROCESSOR_DEFINITIONS = (
					"DEBUG=1",
					"$(inherited)",
					"USING_SPM=1",
				);
				GCC_WARN_64_TO_32_BIT_CONVERSION = YES;
				GCC_WARN_ABOUT_RETURN_TYPE = YES_ERROR;
				GCC_WARN_UNDECLARED_SELECTOR = YES;
				GCC_WARN_UNINITIALIZED_AUTOS = YES_AGGRESSIVE;
				GCC_WARN_UNUSED_FUNCTION = YES;
				GCC_WARN_UNUSED_VARIABLE = YES;
				IPHONEOS_DEPLOYMENT_TARGET = 13.0;
				MTL_ENABLE_DEBUG_INFO = YES;
				ONLY_ACTIVE_ARCH = YES;
				OTHER_SWIFT_FLAGS = "\"-D\" \"USING_SPM\"";
				SDKROOT = iphoneos;
				SWIFT_ACTIVE_COMPILATION_CONDITIONS = DEBUG;
				SWIFT_OPTIMIZATION_LEVEL = "-Onone";
				SWIFT_VERSION = 4.0;
			};
			name = Debug;
		};
		765259F71FB5A99100058788 /* Release */ = {
			isa = XCBuildConfiguration;
			buildSettings = {
				ALWAYS_SEARCH_USER_PATHS = NO;
				CLANG_ANALYZER_NONNULL = YES;
				CLANG_ANALYZER_NUMBER_OBJECT_CONVERSION = YES_AGGRESSIVE;
				CLANG_CXX_LANGUAGE_STANDARD = "gnu++14";
				CLANG_CXX_LIBRARY = "libc++";
				CLANG_ENABLE_MODULES = YES;
				CLANG_ENABLE_OBJC_ARC = YES;
				CLANG_WARN_BLOCK_CAPTURE_AUTORELEASING = YES;
				CLANG_WARN_BOOL_CONVERSION = YES;
				CLANG_WARN_COMMA = YES;
				CLANG_WARN_CONSTANT_CONVERSION = YES;
				CLANG_WARN_DEPRECATED_OBJC_IMPLEMENTATIONS = YES;
				CLANG_WARN_DIRECT_OBJC_ISA_USAGE = YES_ERROR;
				CLANG_WARN_DOCUMENTATION_COMMENTS = YES;
				CLANG_WARN_EMPTY_BODY = YES;
				CLANG_WARN_ENUM_CONVERSION = YES;
				CLANG_WARN_INFINITE_RECURSION = YES;
				CLANG_WARN_INT_CONVERSION = YES;
				CLANG_WARN_NON_LITERAL_NULL_CONVERSION = YES;
				CLANG_WARN_OBJC_IMPLICIT_RETAIN_SELF = YES;
				CLANG_WARN_OBJC_LITERAL_CONVERSION = YES;
				CLANG_WARN_OBJC_ROOT_CLASS = YES_ERROR;
				CLANG_WARN_RANGE_LOOP_ANALYSIS = YES;
				CLANG_WARN_STRICT_PROTOTYPES = YES;
				CLANG_WARN_SUSPICIOUS_MOVE = YES;
				CLANG_WARN_UNGUARDED_AVAILABILITY = YES_AGGRESSIVE;
				CLANG_WARN_UNREACHABLE_CODE = YES;
				CLANG_WARN__DUPLICATE_METHOD_MATCH = YES;
				CODE_SIGN_IDENTITY = "iPhone Developer";
				COPY_PHASE_STRIP = NO;
				DEBUG_INFORMATION_FORMAT = "dwarf-with-dsym";
				ENABLE_NS_ASSERTIONS = NO;
				ENABLE_STRICT_OBJC_MSGSEND = YES;
				GCC_C_LANGUAGE_STANDARD = gnu11;
				GCC_NO_COMMON_BLOCKS = YES;
				GCC_PREPROCESSOR_DEFINITIONS = "USING_SPM=1";
				GCC_WARN_64_TO_32_BIT_CONVERSION = YES;
				GCC_WARN_ABOUT_RETURN_TYPE = YES_ERROR;
				GCC_WARN_UNDECLARED_SELECTOR = YES;
				GCC_WARN_UNINITIALIZED_AUTOS = YES_AGGRESSIVE;
				GCC_WARN_UNUSED_FUNCTION = YES;
				GCC_WARN_UNUSED_VARIABLE = YES;
				IPHONEOS_DEPLOYMENT_TARGET = 13.0;
				MTL_ENABLE_DEBUG_INFO = NO;
				OTHER_SWIFT_FLAGS = "\"-D\" \"USING_SPM\"";
				SDKROOT = iphoneos;
				SWIFT_COMPILATION_MODE = wholemodule;
				SWIFT_OPTIMIZATION_LEVEL = "-O";
				SWIFT_VERSION = 4.0;
				VALIDATE_PRODUCT = YES;
			};
			name = Release;
		};
		765259F91FB5A99100058788 /* Debug */ = {
			isa = XCBuildConfiguration;
			buildSettings = {
				ASSETCATALOG_COMPILER_APPICON_NAME = AppIcon;
				CLANG_ENABLE_MODULES = YES;
				CODE_SIGN_ENTITLEMENTS = MobileChatExample/MobileChatExample.entitlements;
				CODE_SIGN_IDENTITY = "Apple Development";
				CODE_SIGN_STYLE = Automatic;
				DEVELOPMENT_TEAM = T6U248P7YM;
				GCC_PREPROCESSOR_DEFINITIONS = (
					"DEBUG=1",
					"$(inherited)",
					"USING_SPM=1",
				);
				INFOPLIST_FILE = MobileChatExample/Info.plist;
				IPHONEOS_DEPLOYMENT_TARGET = 13.0;
				LD_RUNPATH_SEARCH_PATHS = (
					"$(inherited)",
					"@executable_path/Frameworks",
				);
				OTHER_SWIFT_FLAGS = "\"-D\" \"USING_SPM\"";
				PRODUCT_BUNDLE_IDENTIFIER = com.infobip.inappchat.demo;
				PRODUCT_NAME = "$(TARGET_NAME)";
				PROVISIONING_PROFILE_SPECIFIER = "";
				SWIFT_OPTIMIZATION_LEVEL = "-Onone";
				SWIFT_VERSION = 4.2;
				TARGETED_DEVICE_FAMILY = "1,2";
			};
			name = Debug;
		};
		765259FA1FB5A99100058788 /* Release */ = {
			isa = XCBuildConfiguration;
			buildSettings = {
				ASSETCATALOG_COMPILER_APPICON_NAME = AppIcon;
				CLANG_ENABLE_MODULES = YES;
				CODE_SIGN_ENTITLEMENTS = MobileChatExample/MobileChatExample.entitlements;
				CODE_SIGN_IDENTITY = "Apple Development";
				CODE_SIGN_STYLE = Automatic;
				DEVELOPMENT_TEAM = T6U248P7YM;
				GCC_PREPROCESSOR_DEFINITIONS = "USING_SPM=1";
				INFOPLIST_FILE = MobileChatExample/Info.plist;
				IPHONEOS_DEPLOYMENT_TARGET = 13.0;
				LD_RUNPATH_SEARCH_PATHS = (
					"$(inherited)",
					"@executable_path/Frameworks",
				);
				OTHER_SWIFT_FLAGS = "\"-D\" \"USING_SPM\"";
				PRODUCT_BUNDLE_IDENTIFIER = com.infobip.inappchat.demo;
				PRODUCT_NAME = "$(TARGET_NAME)";
				PROVISIONING_PROFILE_SPECIFIER = "";
				SWIFT_VERSION = 4.2;
				TARGETED_DEVICE_FAMILY = "1,2";
			};
			name = Release;
		};
/* End XCBuildConfiguration section */

/* Begin XCConfigurationList section */
		765259E11FB5A99100058788 /* Build configuration list for PBXProject "MobileChatExample" */ = {
			isa = XCConfigurationList;
			buildConfigurations = (
				765259F61FB5A99100058788 /* Debug */,
				765259F71FB5A99100058788 /* Release */,
			);
			defaultConfigurationIsVisible = 0;
			defaultConfigurationName = Release;
		};
		765259F81FB5A99100058788 /* Build configuration list for PBXNativeTarget "MobileChatExample" */ = {
			isa = XCConfigurationList;
			buildConfigurations = (
				765259F91FB5A99100058788 /* Debug */,
				765259FA1FB5A99100058788 /* Release */,
			);
			defaultConfigurationIsVisible = 0;
			defaultConfigurationName = Release;
		};
/* End XCConfigurationList section */

/* Begin XCRemoteSwiftPackageReference section */
		25A61B8D2A24A17300E0F9E1 /* XCRemoteSwiftPackageReference "Swift-JWT" */ = {
			isa = XCRemoteSwiftPackageReference;
			repositoryURL = "https://github.com/Kitura/Swift-JWT.git";
			requirement = {
				kind = upToNextMajorVersion;
				minimumVersion = 4.0.0;
			};
		};
/* End XCRemoteSwiftPackageReference section */

/* Begin XCSwiftPackageProductDependency section */
		25A61B892A24A0FD00E0F9E1 /* WebRTCUI */ = {
			isa = XCSwiftPackageProductDependency;
			productName = WebRTCUI;
		};
		25A61B8B2A24A10100E0F9E1 /* InAppChat */ = {
			isa = XCSwiftPackageProductDependency;
			productName = InAppChat;
		};
		25A61B8E2A24A17300E0F9E1 /* SwiftJWT */ = {
			isa = XCSwiftPackageProductDependency;
			package = 25A61B8D2A24A17300E0F9E1 /* XCRemoteSwiftPackageReference "Swift-JWT" */;
			productName = SwiftJWT;
		};
		A01BC55E2A273B2E0029F965 /* MobileMessaging */ = {
			isa = XCSwiftPackageProductDependency;
			productName = MobileMessaging;
		};
		A01BC5602A273B320029F965 /* MobileMessagingLogging */ = {
			isa = XCSwiftPackageProductDependency;
			productName = MobileMessagingLogging;
		};
/* End XCSwiftPackageProductDependency section */
	};
	rootObject = 765259DE1FB5A99100058788 /* Project object */;
}
