// !$*UTF8*$!
{
	archiveVersion = 1;
	classes = {
	};
	objectVersion = 55;
	objects = {

/* Begin PBXBuildFile section */
		57B9AD605D6C9CCD9455E939 /* Pods_InboxExample.framework in Frameworks */ = {isa = PBXBuildFile; fileRef = EAC55ED74159B25EC8923511 /* Pods_InboxExample.framework */; };
		767658E6283F700A0044D55E /* utils.swift in Sources */ = {isa = PBXBuildFile; fileRef = 767658E5283F700A0044D55E /* utils.swift */; };
		767658E8283F87090044D55E /* BadgeButton.swift in Sources */ = {isa = PBXBuildFile; fileRef = 767658E7283F87090044D55E /* BadgeButton.swift */; };
		767658EB283FF6250044D55E /* ViewControllerWithActivity.swift in Sources */ = {isa = PBXBuildFile; fileRef = 767658EA283FF6250044D55E /* ViewControllerWithActivity.swift */; };
		768139A4283E2E250049B681 /* AppDelegate.swift in Sources */ = {isa = PBXBuildFile; fileRef = 768139A3283E2E250049B681 /* AppDelegate.swift */; };
		768139A6283E2E250049B681 /* SceneDelegate.swift in Sources */ = {isa = PBXBuildFile; fileRef = 768139A5283E2E250049B681 /* SceneDelegate.swift */; };
		768139A8283E2E250049B681 /* ViewController.swift in Sources */ = {isa = PBXBuildFile; fileRef = 768139A7283E2E250049B681 /* ViewController.swift */; };
		768139AB283E2E250049B681 /* Main.storyboard in Resources */ = {isa = PBXBuildFile; fileRef = 768139A9283E2E250049B681 /* Main.storyboard */; };
		768139AD283E2E260049B681 /* Assets.xcassets in Resources */ = {isa = PBXBuildFile; fileRef = 768139AC283E2E260049B681 /* Assets.xcassets */; };
		768139B0283E2E260049B681 /* LaunchScreen.storyboard in Resources */ = {isa = PBXBuildFile; fileRef = 768139AE283E2E260049B681 /* LaunchScreen.storyboard */; };
		768139B9283E66F20049B681 /* InboxViewController.swift in Sources */ = {isa = PBXBuildFile; fileRef = 768139B8283E66F20049B681 /* InboxViewController.swift */; };
/* End PBXBuildFile section */

/* Begin PBXFileReference section */
		767658E5283F700A0044D55E /* utils.swift */ = {isa = PBXFileReference; lastKnownFileType = sourcecode.swift; path = utils.swift; sourceTree = "<group>"; };
		767658E7283F87090044D55E /* BadgeButton.swift */ = {isa = PBXFileReference; lastKnownFileType = sourcecode.swift; path = BadgeButton.swift; sourceTree = "<group>"; };
		767658EA283FF6250044D55E /* ViewControllerWithActivity.swift */ = {isa = PBXFileReference; lastKnownFileType = sourcecode.swift; path = ViewControllerWithActivity.swift; sourceTree = "<group>"; };
		768139A0283E2E250049B681 /* InboxExample.app */ = {isa = PBXFileReference; explicitFileType = wrapper.application; includeInIndex = 0; path = InboxExample.app; sourceTree = BUILT_PRODUCTS_DIR; };
		768139A3283E2E250049B681 /* AppDelegate.swift */ = {isa = PBXFileReference; lastKnownFileType = sourcecode.swift; path = AppDelegate.swift; sourceTree = "<group>"; };
		768139A5283E2E250049B681 /* SceneDelegate.swift */ = {isa = PBXFileReference; lastKnownFileType = sourcecode.swift; path = SceneDelegate.swift; sourceTree = "<group>"; };
		768139A7283E2E250049B681 /* ViewController.swift */ = {isa = PBXFileReference; lastKnownFileType = sourcecode.swift; path = ViewController.swift; sourceTree = "<group>"; };
		768139AA283E2E250049B681 /* Base */ = {isa = PBXFileReference; lastKnownFileType = file.storyboard; name = Base; path = Base.lproj/Main.storyboard; sourceTree = "<group>"; };
		768139AC283E2E260049B681 /* Assets.xcassets */ = {isa = PBXFileReference; lastKnownFileType = folder.assetcatalog; path = Assets.xcassets; sourceTree = "<group>"; };
		768139AF283E2E260049B681 /* Base */ = {isa = PBXFileReference; lastKnownFileType = file.storyboard; name = Base; path = Base.lproj/LaunchScreen.storyboard; sourceTree = "<group>"; };
		768139B1283E2E260049B681 /* Info.plist */ = {isa = PBXFileReference; lastKnownFileType = text.plist.xml; path = Info.plist; sourceTree = "<group>"; };
		768139B7283E5B4B0049B681 /* InboxExample.entitlements */ = {isa = PBXFileReference; lastKnownFileType = text.plist.entitlements; path = InboxExample.entitlements; sourceTree = "<group>"; };
		768139B8283E66F20049B681 /* InboxViewController.swift */ = {isa = PBXFileReference; lastKnownFileType = sourcecode.swift; path = InboxViewController.swift; sourceTree = "<group>"; };
		D5E46E8D30C483B781A0F5A9 /* Pods-InboxExample.release.xcconfig */ = {isa = PBXFileReference; includeInIndex = 1; lastKnownFileType = text.xcconfig; name = "Pods-InboxExample.release.xcconfig"; path = "Target Support Files/Pods-InboxExample/Pods-InboxExample.release.xcconfig"; sourceTree = "<group>"; };
		DFD7F76BD897CCFB0380E4DD /* Pods-InboxExample.debug.xcconfig */ = {isa = PBXFileReference; includeInIndex = 1; lastKnownFileType = text.xcconfig; name = "Pods-InboxExample.debug.xcconfig"; path = "Target Support Files/Pods-InboxExample/Pods-InboxExample.debug.xcconfig"; sourceTree = "<group>"; };
		EAC55ED74159B25EC8923511 /* Pods_InboxExample.framework */ = {isa = PBXFileReference; explicitFileType = wrapper.framework; includeInIndex = 0; path = Pods_InboxExample.framework; sourceTree = BUILT_PRODUCTS_DIR; };
/* End PBXFileReference section */

/* Begin PBXFrameworksBuildPhase section */
		7681399D283E2E250049B681 /* Frameworks */ = {
			isa = PBXFrameworksBuildPhase;
			buildActionMask = 2147483647;
			files = (
				57B9AD605D6C9CCD9455E939 /* Pods_InboxExample.framework in Frameworks */,
			);
			runOnlyForDeploymentPostprocessing = 0;
		};
/* End PBXFrameworksBuildPhase section */

/* Begin PBXGroup section */
		23FA503260DD0A6756252624 /* Pods */ = {
			isa = PBXGroup;
			children = (
				DFD7F76BD897CCFB0380E4DD /* Pods-InboxExample.debug.xcconfig */,
				D5E46E8D30C483B781A0F5A9 /* Pods-InboxExample.release.xcconfig */,
			);
			path = Pods;
			sourceTree = "<group>";
		};
		767658E9283FF5FD0044D55E /* Utils */ = {
			isa = PBXGroup;
			children = (
				767658E5283F700A0044D55E /* utils.swift */,
				767658E7283F87090044D55E /* BadgeButton.swift */,
				767658EA283FF6250044D55E /* ViewControllerWithActivity.swift */,
			);
			path = Utils;
			sourceTree = "<group>";
		};
		76813997283E2E250049B681 = {
			isa = PBXGroup;
			children = (
				768139A2283E2E250049B681 /* InboxExample */,
				768139A1283E2E250049B681 /* Products */,
				23FA503260DD0A6756252624 /* Pods */,
				D5F2D9D0C574399328A088B8 /* Frameworks */,
			);
			sourceTree = "<group>";
		};
		768139A1283E2E250049B681 /* Products */ = {
			isa = PBXGroup;
			children = (
				768139A0283E2E250049B681 /* InboxExample.app */,
			);
			name = Products;
			sourceTree = "<group>";
		};
		768139A2283E2E250049B681 /* InboxExample */ = {
			isa = PBXGroup;
			children = (
				767658E9283FF5FD0044D55E /* Utils */,
				768139B7283E5B4B0049B681 /* InboxExample.entitlements */,
				768139A3283E2E250049B681 /* AppDelegate.swift */,
				768139A5283E2E250049B681 /* SceneDelegate.swift */,
				768139A7283E2E250049B681 /* ViewController.swift */,
				768139A9283E2E250049B681 /* Main.storyboard */,
				768139AC283E2E260049B681 /* Assets.xcassets */,
				768139AE283E2E260049B681 /* LaunchScreen.storyboard */,
				768139B1283E2E260049B681 /* Info.plist */,
				768139B8283E66F20049B681 /* InboxViewController.swift */,
			);
			path = InboxExample;
			sourceTree = "<group>";
		};
		D5F2D9D0C574399328A088B8 /* Frameworks */ = {
			isa = PBXGroup;
			children = (
				EAC55ED74159B25EC8923511 /* Pods_InboxExample.framework */,
			);
			name = Frameworks;
			sourceTree = "<group>";
		};
/* End PBXGroup section */

/* Begin PBXNativeTarget section */
		7681399F283E2E250049B681 /* InboxExample */ = {
			isa = PBXNativeTarget;
			buildConfigurationList = 768139B4283E2E260049B681 /* Build configuration list for PBXNativeTarget "InboxExample" */;
			buildPhases = (
				3659B91C8ECA2CFCCAE669DC /* [CP] Check Pods Manifest.lock */,
				7681399C283E2E250049B681 /* Sources */,
				7681399D283E2E250049B681 /* Frameworks */,
				7681399E283E2E250049B681 /* Resources */,
				B96C5D942BD397F96CD5A377 /* [CP] Embed Pods Frameworks */,
			);
			buildRules = (
			);
			dependencies = (
			);
			name = InboxExample;
			productName = InboxExample;
			productReference = 768139A0283E2E250049B681 /* InboxExample.app */;
			productType = "com.apple.product-type.application";
		};
/* End PBXNativeTarget section */

/* Begin PBXProject section */
		76813998283E2E250049B681 /* Project object */ = {
			isa = PBXProject;
			attributes = {
				BuildIndependentTargetsInParallel = 1;
				LastSwiftUpdateCheck = 1340;
				LastUpgradeCheck = 1340;
				TargetAttributes = {
					7681399F283E2E250049B681 = {
						CreatedOnToolsVersion = 13.4;
					};
				};
			};
			buildConfigurationList = 7681399B283E2E250049B681 /* Build configuration list for PBXProject "InboxExample" */;
			compatibilityVersion = "Xcode 13.0";
			developmentRegion = en;
			hasScannedForEncodings = 0;
			knownRegions = (
				en,
				Base,
			);
			mainGroup = 76813997283E2E250049B681;
			productRefGroup = 768139A1283E2E250049B681 /* Products */;
			projectDirPath = "";
			projectRoot = "";
			targets = (
				7681399F283E2E250049B681 /* InboxExample */,
			);
		};
/* End PBXProject section */

/* Begin PBXResourcesBuildPhase section */
		7681399E283E2E250049B681 /* Resources */ = {
			isa = PBXResourcesBuildPhase;
			buildActionMask = 2147483647;
			files = (
				768139B0283E2E260049B681 /* LaunchScreen.storyboard in Resources */,
				768139AD283E2E260049B681 /* Assets.xcassets in Resources */,
				768139AB283E2E250049B681 /* Main.storyboard in Resources */,
			);
			runOnlyForDeploymentPostprocessing = 0;
		};
/* End PBXResourcesBuildPhase section */

/* Begin PBXShellScriptBuildPhase section */
		3659B91C8ECA2CFCCAE669DC /* [CP] Check Pods Manifest.lock */ = {
			isa = PBXShellScriptBuildPhase;
			buildActionMask = 2147483647;
			files = (
			);
			inputFileListPaths = (
			);
			inputPaths = (
				"${PODS_PODFILE_DIR_PATH}/Podfile.lock",
				"${PODS_ROOT}/Manifest.lock",
			);
			name = "[CP] Check Pods Manifest.lock";
			outputFileListPaths = (
			);
			outputPaths = (
				"$(DERIVED_FILE_DIR)/Pods-InboxExample-checkManifestLockResult.txt",
			);
			runOnlyForDeploymentPostprocessing = 0;
			shellPath = /bin/sh;
			shellScript = "diff \"${PODS_PODFILE_DIR_PATH}/Podfile.lock\" \"${PODS_ROOT}/Manifest.lock\" > /dev/null\nif [ $? != 0 ] ; then\n    # print error to STDERR\n    echo \"error: The sandbox is not in sync with the Podfile.lock. Run 'pod install' or update your CocoaPods installation.\" >&2\n    exit 1\nfi\n# This output is used by Xcode 'outputs' to avoid re-running this script phase.\necho \"SUCCESS\" > \"${SCRIPT_OUTPUT_FILE_0}\"\n";
			showEnvVarsInLog = 0;
		};
		B96C5D942BD397F96CD5A377 /* [CP] Embed Pods Frameworks */ = {
			isa = PBXShellScriptBuildPhase;
			buildActionMask = 2147483647;
			files = (
			);
			inputFileListPaths = (
				"${PODS_ROOT}/Target Support Files/Pods-InboxExample/Pods-InboxExample-frameworks-${CONFIGURATION}-input-files.xcfilelist",
			);
			name = "[CP] Embed Pods Frameworks";
			outputFileListPaths = (
				"${PODS_ROOT}/Target Support Files/Pods-InboxExample/Pods-InboxExample-frameworks-${CONFIGURATION}-output-files.xcfilelist",
			);
			runOnlyForDeploymentPostprocessing = 0;
			shellPath = /bin/sh;
			shellScript = "\"${PODS_ROOT}/Target Support Files/Pods-InboxExample/Pods-InboxExample-frameworks.sh\"\n";
			showEnvVarsInLog = 0;
		};
/* End PBXShellScriptBuildPhase section */

/* Begin PBXSourcesBuildPhase section */
		7681399C283E2E250049B681 /* Sources */ = {
			isa = PBXSourcesBuildPhase;
			buildActionMask = 2147483647;
			files = (
				767658E6283F700A0044D55E /* utils.swift in Sources */,
				768139A8283E2E250049B681 /* ViewController.swift in Sources */,
				768139A4283E2E250049B681 /* AppDelegate.swift in Sources */,
				767658E8283F87090044D55E /* BadgeButton.swift in Sources */,
				768139A6283E2E250049B681 /* SceneDelegate.swift in Sources */,
				768139B9283E66F20049B681 /* InboxViewController.swift in Sources */,
				767658EB283FF6250044D55E /* ViewControllerWithActivity.swift in Sources */,
			);
			runOnlyForDeploymentPostprocessing = 0;
		};
/* End PBXSourcesBuildPhase section */

/* Begin PBXVariantGroup section */
		768139A9283E2E250049B681 /* Main.storyboard */ = {
			isa = PBXVariantGroup;
			children = (
				768139AA283E2E250049B681 /* Base */,
			);
			name = Main.storyboard;
			sourceTree = "<group>";
		};
		768139AE283E2E260049B681 /* LaunchScreen.storyboard */ = {
			isa = PBXVariantGroup;
			children = (
				768139AF283E2E260049B681 /* Base */,
			);
			name = LaunchScreen.storyboard;
			sourceTree = "<group>";
		};
/* End PBXVariantGroup section */

/* Begin XCBuildConfiguration section */
		768139B2283E2E260049B681 /* Debug */ = {
			isa = XCBuildConfiguration;
			buildSettings = {
				ALWAYS_SEARCH_USER_PATHS = NO;
				CLANG_ANALYZER_NONNULL = YES;
				CLANG_ANALYZER_NUMBER_OBJECT_CONVERSION = YES_AGGRESSIVE;
				CLANG_CXX_LANGUAGE_STANDARD = "gnu++17";
				CLANG_ENABLE_MODULES = YES;
				CLANG_ENABLE_OBJC_ARC = YES;
				CLANG_ENABLE_OBJC_WEAK = YES;
				CLANG_WARN_BLOCK_CAPTURE_AUTORELEASING = YES;
				CLANG_WARN_BOOL_CONVERSION = YES;
				CLANG_WARN_COMMA = YES;
				CLANG_WARN_CONSTANT_CONVERSION = YES;
				CLANG_WARN_DEPRECATED_OBJC_IMPLEMENTATIONS = YES;
				CLANG_WARN_DIRECT_OBJC_ISA_USAGE = YES_ERROR;
				CLANG_WARN_DOCUMENTATION_COMMENTS = YES;
				CLANG_WARN_EMPTY_BODY = YES;
				CLANG_WARN_ENUM_CONVERSION = YES;
				CLANG_WARN_INFINITE_RECURSION = YES;
				CLANG_WARN_INT_CONVERSION = YES;
				CLANG_WARN_NON_LITERAL_NULL_CONVERSION = YES;
				CLANG_WARN_OBJC_IMPLICIT_RETAIN_SELF = YES;
				CLANG_WARN_OBJC_LITERAL_CONVERSION = YES;
				CLANG_WARN_OBJC_ROOT_CLASS = YES_ERROR;
				CLANG_WARN_QUOTED_INCLUDE_IN_FRAMEWORK_HEADER = YES;
				CLANG_WARN_RANGE_LOOP_ANALYSIS = YES;
				CLANG_WARN_STRICT_PROTOTYPES = YES;
				CLANG_WARN_SUSPICIOUS_MOVE = YES;
				CLANG_WARN_UNGUARDED_AVAILABILITY = YES_AGGRESSIVE;
				CLANG_WARN_UNREACHABLE_CODE = YES;
				CLANG_WARN__DUPLICATE_METHOD_MATCH = YES;
				COPY_PHASE_STRIP = NO;
				DEBUG_INFORMATION_FORMAT = dwarf;
				ENABLE_STRICT_OBJC_MSGSEND = YES;
				ENABLE_TESTABILITY = YES;
				GCC_C_LANGUAGE_STANDARD = gnu11;
				GCC_DYNAMIC_NO_PIC = NO;
				GCC_NO_COMMON_BLOCKS = YES;
				GCC_OPTIMIZATION_LEVEL = 0;
				GCC_PREPROCESSOR_DEFINITIONS = (
					"DEBUG=1",
					"$(inherited)",
				);
				GCC_WARN_64_TO_32_BIT_CONVERSION = YES;
				GCC_WARN_ABOUT_RETURN_TYPE = YES_ERROR;
				GCC_WARN_UNDECLARED_SELECTOR = YES;
				GCC_WARN_UNINITIALIZED_AUTOS = YES_AGGRESSIVE;
				GCC_WARN_UNUSED_FUNCTION = YES;
				GCC_WARN_UNUSED_VARIABLE = YES;
				IPHONEOS_DEPLOYMENT_TARGET = 13.0;
				MTL_ENABLE_DEBUG_INFO = INCLUDE_SOURCE;
				MTL_FAST_MATH = YES;
				ONLY_ACTIVE_ARCH = YES;
				SDKROOT = iphoneos;
				SWIFT_ACTIVE_COMPILATION_CONDITIONS = DEBUG;
				SWIFT_OPTIMIZATION_LEVEL = "-Onone";
			};
			name = Debug;
		};
		768139B3283E2E260049B681 /* Release */ = {
			isa = XCBuildConfiguration;
			buildSettings = {
				ALWAYS_SEARCH_USER_PATHS = NO;
				CLANG_ANALYZER_NONNULL = YES;
				CLANG_ANALYZER_NUMBER_OBJECT_CONVERSION = YES_AGGRESSIVE;
				CLANG_CXX_LANGUAGE_STANDARD = "gnu++17";
				CLANG_ENABLE_MODULES = YES;
				CLANG_ENABLE_OBJC_ARC = YES;
				CLANG_ENABLE_OBJC_WEAK = YES;
				CLANG_WARN_BLOCK_CAPTURE_AUTORELEASING = YES;
				CLANG_WARN_BOOL_CONVERSION = YES;
				CLANG_WARN_COMMA = YES;
				CLANG_WARN_CONSTANT_CONVERSION = YES;
				CLANG_WARN_DEPRECATED_OBJC_IMPLEMENTATIONS = YES;
				CLANG_WARN_DIRECT_OBJC_ISA_USAGE = YES_ERROR;
				CLANG_WARN_DOCUMENTATION_COMMENTS = YES;
				CLANG_WARN_EMPTY_BODY = YES;
				CLANG_WARN_ENUM_CONVERSION = YES;
				CLANG_WARN_INFINITE_RECURSION = YES;
				CLANG_WARN_INT_CONVERSION = YES;
				CLANG_WARN_NON_LITERAL_NULL_CONVERSION = YES;
				CLANG_WARN_OBJC_IMPLICIT_RETAIN_SELF = YES;
				CLANG_WARN_OBJC_LITERAL_CONVERSION = YES;
				CLANG_WARN_OBJC_ROOT_CLASS = YES_ERROR;
				CLANG_WARN_QUOTED_INCLUDE_IN_FRAMEWORK_HEADER = YES;
				CLANG_WARN_RANGE_LOOP_ANALYSIS = YES;
				CLANG_WARN_STRICT_PROTOTYPES = YES;
				CLANG_WARN_SUSPICIOUS_MOVE = YES;
				CLANG_WARN_UNGUARDED_AVAILABILITY = YES_AGGRESSIVE;
				CLANG_WARN_UNREACHABLE_CODE = YES;
				CLANG_WARN__DUPLICATE_METHOD_MATCH = YES;
				COPY_PHASE_STRIP = NO;
				DEBUG_INFORMATION_FORMAT = "dwarf-with-dsym";
				ENABLE_NS_ASSERTIONS = NO;
				ENABLE_STRICT_OBJC_MSGSEND = YES;
				GCC_C_LANGUAGE_STANDARD = gnu11;
				GCC_NO_COMMON_BLOCKS = YES;
				GCC_WARN_64_TO_32_BIT_CONVERSION = YES;
				GCC_WARN_ABOUT_RETURN_TYPE = YES_ERROR;
				GCC_WARN_UNDECLARED_SELECTOR = YES;
				GCC_WARN_UNINITIALIZED_AUTOS = YES_AGGRESSIVE;
				GCC_WARN_UNUSED_FUNCTION = YES;
				GCC_WARN_UNUSED_VARIABLE = YES;
				IPHONEOS_DEPLOYMENT_TARGET = 13.0;
				MTL_ENABLE_DEBUG_INFO = NO;
				MTL_FAST_MATH = YES;
				SDKROOT = iphoneos;
				SWIFT_COMPILATION_MODE = wholemodule;
				SWIFT_OPTIMIZATION_LEVEL = "-O";
				VALIDATE_PRODUCT = YES;
			};
			name = Release;
		};
		768139B5283E2E260049B681 /* Debug */ = {
			isa = XCBuildConfiguration;
			baseConfigurationReference = DFD7F76BD897CCFB0380E4DD /* Pods-InboxExample.debug.xcconfig */;
			buildSettings = {
				ASSETCATALOG_COMPILER_APPICON_NAME = AppIcon;
				ASSETCATALOG_COMPILER_GLOBAL_ACCENT_COLOR_NAME = AccentColor;
				CODE_SIGN_ENTITLEMENTS = InboxExample/InboxExample.entitlements;
				CODE_SIGN_STYLE = Automatic;
				CURRENT_PROJECT_VERSION = 1;
				DEVELOPMENT_TEAM = T6U248P7YM;
				GENERATE_INFOPLIST_FILE = YES;
				INFOPLIST_FILE = InboxExample/Info.plist;
				INFOPLIST_KEY_UIApplicationSupportsIndirectInputEvents = YES;
				INFOPLIST_KEY_UILaunchStoryboardName = LaunchScreen;
				INFOPLIST_KEY_UIMainStoryboardFile = Main;
				INFOPLIST_KEY_UISupportedInterfaceOrientations_iPad = "UIInterfaceOrientationPortrait UIInterfaceOrientationPortraitUpsideDown UIInterfaceOrientationLandscapeLeft UIInterfaceOrientationLandscapeRight";
				INFOPLIST_KEY_UISupportedInterfaceOrientations_iPhone = "UIInterfaceOrientationPortrait UIInterfaceOrientationLandscapeLeft UIInterfaceOrientationLandscapeRight";
				INFOPLIST_KEY_UIUserInterfaceStyle = Light;
				LD_RUNPATH_SEARCH_PATHS = (
					"$(inherited)",
					"@executable_path/Frameworks",
				);
				MARKETING_VERSION = 1.0;
				PRODUCT_BUNDLE_IDENTIFIER = com.infobip.mobilemessaging.inbox.example;
				PRODUCT_NAME = "$(TARGET_NAME)";
				SWIFT_EMIT_LOC_STRINGS = YES;
				SWIFT_VERSION = 5.0;
				TARGETED_DEVICE_FAMILY = "1,2";
			};
			name = Debug;
		};
		768139B6283E2E260049B681 /* Release */ = {
			isa = XCBuildConfiguration;
			baseConfigurationReference = D5E46E8D30C483B781A0F5A9 /* Pods-InboxExample.release.xcconfig */;
			buildSettings = {
				ASSETCATALOG_COMPILER_APPICON_NAME = AppIcon;
				ASSETCATALOG_COMPILER_GLOBAL_ACCENT_COLOR_NAME = AccentColor;
				CODE_SIGN_ENTITLEMENTS = InboxExample/InboxExample.entitlements;
				CODE_SIGN_STYLE = Automatic;
				CURRENT_PROJECT_VERSION = 1;
				DEVELOPMENT_TEAM = T6U248P7YM;
				GENERATE_INFOPLIST_FILE = YES;
				INFOPLIST_FILE = InboxExample/Info.plist;
				INFOPLIST_KEY_UIApplicationSupportsIndirectInputEvents = YES;
				INFOPLIST_KEY_UILaunchStoryboardName = LaunchScreen;
				INFOPLIST_KEY_UIMainStoryboardFile = Main;
				INFOPLIST_KEY_UISupportedInterfaceOrientations_iPad = "UIInterfaceOrientationPortrait UIInterfaceOrientationPortraitUpsideDown UIInterfaceOrientationLandscapeLeft UIInterfaceOrientationLandscapeRight";
				INFOPLIST_KEY_UISupportedInterfaceOrientations_iPhone = "UIInterfaceOrientationPortrait UIInterfaceOrientationLandscapeLeft UIInterfaceOrientationLandscapeRight";
				INFOPLIST_KEY_UIUserInterfaceStyle = Light;
				LD_RUNPATH_SEARCH_PATHS = (
					"$(inherited)",
					"@executable_path/Frameworks",
				);
				MARKETING_VERSION = 1.0;
				PRODUCT_BUNDLE_IDENTIFIER = com.infobip.mobilemessaging.inbox.example;
				PRODUCT_NAME = "$(TARGET_NAME)";
				SWIFT_EMIT_LOC_STRINGS = YES;
				SWIFT_VERSION = 5.0;
				TARGETED_DEVICE_FAMILY = "1,2";
			};
			name = Release;
		};
/* End XCBuildConfiguration section */

/* Begin XCConfigurationList section */
		7681399B283E2E250049B681 /* Build configuration list for PBXProject "InboxExample" */ = {
			isa = XCConfigurationList;
			buildConfigurations = (
				768139B2283E2E260049B681 /* Debug */,
				768139B3283E2E260049B681 /* Release */,
			);
			defaultConfigurationIsVisible = 0;
			defaultConfigurationName = Release;
		};
		768139B4283E2E260049B681 /* Build configuration list for PBXNativeTarget "InboxExample" */ = {
			isa = XCConfigurationList;
			buildConfigurations = (
				768139B5283E2E260049B681 /* Debug */,
				768139B6283E2E260049B681 /* Release */,
			);
			defaultConfigurationIsVisible = 0;
			defaultConfigurationName = Release;
		};
/* End XCConfigurationList section */
	};
	rootObject = 76813998283E2E250049B681 /* Project object */;
}
